// !$*UTF8*$!
{
	archiveVersion = 1;
	classes = {
	};
	objectVersion = 46;
	objects = {

/* Begin PBXBuildFile section */
		0DCF3EE967E04079B01F9D01 /* CDVConnection.m in Sources */ = {isa = PBXBuildFile; fileRef = EC81F7C088264F8AB5E6C2ED /* CDVConnection.m */; };
		109460D45FB6458DBCA1AFF9 /* UIImage+CropScaleOrientation.m in Sources */ = {isa = PBXBuildFile; fileRef = 53EBD6F1BEB047DAB8BABD49 /* UIImage+CropScaleOrientation.m */; };
		1D3623260D0F684500981E51 /* AppDelegate.m in Sources */ = {isa = PBXBuildFile; fileRef = 1D3623250D0F684500981E51 /* AppDelegate.m */; };
		1D60589B0D05DD56006BFB54 /* main.m in Sources */ = {isa = PBXBuildFile; fileRef = 29B97316FDCFA39411CA2CEA /* main.m */; };
		20BB0C20A53D411ABCAFDDD1 /* PushPlugin.m in Sources */ = {isa = PBXBuildFile; fileRef = 9535A09889244DBEA60EAB65 /* PushPlugin.m */; };
		21549AE65DC74BD1A2486A1C /* CDVSound.m in Sources */ = {isa = PBXBuildFile; fileRef = 7A46FCA384B54DD48FE8809C /* CDVSound.m */; };
		22C2B1848B8B41499F1B4F1F /* FacebookSDKResources.bundle in Resources */ = {isa = PBXBuildFile; fileRef = 83A4C90310D34863B729DED9 /* FacebookSDKResources.bundle */; };
		25D8785060BE4B3C802A47C8 /* CDVReachability.m in Sources */ = {isa = PBXBuildFile; fileRef = 2D849F0059F446DD978FC28B /* CDVReachability.m */; };
		288765FD0DF74451002DB57D /* CoreGraphics.framework in Frameworks */ = {isa = PBXBuildFile; fileRef = 288765FC0DF74451002DB57D /* CoreGraphics.framework */; };
		2983AFFBCD48471E8F93B2E3 /* AddressBookUI.framework in Frameworks */ = {isa = PBXBuildFile; fileRef = F48B975E0C8641509BC41449 /* AddressBookUI.framework */; settings = {ATTRIBUTES = (Weak, ); }; };
		2D59A09548FA47EEA2E19D32 /* CFNetwork.framework in Frameworks */ = {isa = PBXBuildFile; fileRef = B63C4ED361C64589A5E3030D /* CFNetwork.framework */; };
		301BF552109A68D80062928A /* libCordova.a in Frameworks */ = {isa = PBXBuildFile; fileRef = 301BF535109A57CC0062928A /* libCordova.a */; };
		302D95F114D2391D003F00A1 /* MainViewController.m in Sources */ = {isa = PBXBuildFile; fileRef = 302D95EF14D2391D003F00A1 /* MainViewController.m */; };
		302D95F214D2391D003F00A1 /* MainViewController.xib in Resources */ = {isa = PBXBuildFile; fileRef = 302D95F014D2391D003F00A1 /* MainViewController.xib */; };
		305D5FD1115AB8F900A74A75 /* MobileCoreServices.framework in Frameworks */ = {isa = PBXBuildFile; fileRef = 305D5FD0115AB8F900A74A75 /* MobileCoreServices.framework */; };
		33CD5F962C4240CC97897B52 /* CDVVibration.m in Sources */ = {isa = PBXBuildFile; fileRef = E859BFB1C6C3424696F5164D /* CDVVibration.m */; };
		3BCC5AB290E240DCB502ECC4 /* CDVFile.m in Sources */ = {isa = PBXBuildFile; fileRef = 4AB1D718AAB4425686FED941 /* CDVFile.m */; };
		51B1E1A37B5D47FCAC8D6468 /* Accounts.framework in Frameworks */ = {isa = PBXBuildFile; fileRef = C7E2592311F145DAA649AFC1 /* Accounts.framework */; settings = {ATTRIBUTES = (Weak, ); }; };
		58DAC2DB843440D9ADFBCB11 /* CDVNotification.m in Sources */ = {isa = PBXBuildFile; fileRef = 1D803B3D16DF4EF8B2D4CF36 /* CDVNotification.m */; };
		5B1594DD16A7569C00FEF299 /* AssetsLibrary.framework in Frameworks */ = {isa = PBXBuildFile; fileRef = 5B1594DC16A7569C00FEF299 /* AssetsLibrary.framework */; };
		65343E7C4D814BE4B75E6310 /* CDVNotification.bundle in Resources */ = {isa = PBXBuildFile; fileRef = 7F8A08F227664C8A984EBFF8 /* CDVNotification.bundle */; };
		6890F61D0569436F9FD046DA /* Social.framework in Frameworks */ = {isa = PBXBuildFile; fileRef = 167B6D9A2D404BEAB1DF6CAC /* Social.framework */; settings = {ATTRIBUTES = (Weak, ); }; };
		714008B27EDF4ABC9A40AAA0 /* CDVJpegHeaderWriter.m in Sources */ = {isa = PBXBuildFile; fileRef = 2BF96338DAAD434B8F5CE047 /* CDVJpegHeaderWriter.m */; };
		7608C57D0FB14C278F93E911 /* CDVCamera.m in Sources */ = {isa = PBXBuildFile; fileRef = FD0DCC3A46244B96BB03E662 /* CDVCamera.m */; };
		77AFC5E45BAD4552B805CE57 /* CDVInAppBrowser.m in Sources */ = {isa = PBXBuildFile; fileRef = E5E6CB0564EC47DFA6B1A22E /* CDVInAppBrowser.m */; };
		80195C53311E4E84A17DBF78 /* SystemConfiguration.framework in Frameworks */ = {isa = PBXBuildFile; fileRef = 2DB2D6B75EEF45748EFECA15 /* SystemConfiguration.framework */; };
		81009DFA86FD4A8EB8E5A366 /* MessageUI.framework in Frameworks */ = {isa = PBXBuildFile; fileRef = FC7F3153C77F4263B58EFE38 /* MessageUI.framework */; settings = {ATTRIBUTES = (Weak, ); }; };
		8B150BC4230143278A9B390B /* CDVFileTransfer.m in Sources */ = {isa = PBXBuildFile; fileRef = 8C8E090D069B4536B0E2F8AD /* CDVFileTransfer.m */; };
		8C1A77A397A74B6CA08914D5 /* SocialSharing.m in Sources */ = {isa = PBXBuildFile; fileRef = 5273415B675D4315B6E06F7E /* SocialSharing.m */; };
		8F33FB3EA9A542098BE2EE41 /* AudioToolbox.framework in Frameworks */ = {isa = PBXBuildFile; fileRef = 4FA10A772B514351B667A1A4 /* AudioToolbox.framework */; settings = {ATTRIBUTES = (Weak, ); }; };
		94CA0CABFA534F3085D28195 /* libsqlite3.dylib in Frameworks */ = {isa = PBXBuildFile; fileRef = 20F96FDDDFDA49E4AF32E437 /* libsqlite3.dylib */; };
		9CCB6AC63C314E32BAF2FECE /* CDVGlobalization.m in Sources */ = {isa = PBXBuildFile; fileRef = 76EFFE0577BA45188F9AC989 /* CDVGlobalization.m */; };
		A0CCEBC721A24FBA8E1D2DE6 /* FlurryPlugin.m in Sources */ = {isa = PBXBuildFile; fileRef = 82BFAA3061BF47EF875B5747 /* FlurryPlugin.m */; };
		A7216F872A4D4028BADBF8C9 /* FBUserSettingsViewResources.bundle in Resources */ = {isa = PBXBuildFile; fileRef = CEEA940DFC43440784C9AE20 /* FBUserSettingsViewResources.bundle */; };
		A8BCB68E4FCA41259B4B7B9B /* Sms.m in Sources */ = {isa = PBXBuildFile; fileRef = 629DA066C0F44EE58D10BEF7 /* Sms.m */; };
		B16E85B59F3B4BAEA44DA99C /* CDVLogger.m in Sources */ = {isa = PBXBuildFile; fileRef = 24D69FB8C10848B09A9A994C /* CDVLogger.m */; };
		B207DF00BA2C44BFABF923FE /* ImageIO.framework in Frameworks */ = {isa = PBXBuildFile; fileRef = 5E495325E9F84CACA4B61368 /* ImageIO.framework */; settings = {ATTRIBUTES = (Weak, ); }; };
		B23569167A0A435CBB6E7A01 /* FacebookConnectPlugin.m in Sources */ = {isa = PBXBuildFile; fileRef = 4D7473BA686B48DAA1EC0DDC /* FacebookConnectPlugin.m */; };
		B58DFDB4A4FE44B0A7D77E67 /* Security.framework in Frameworks */ = {isa = PBXBuildFile; fileRef = 31393813CA254CF6998D6B34 /* Security.framework */; };
		B80F2819C77B48628594AA84 /* CDVAssetLibraryFilesystem.m in Sources */ = {isa = PBXBuildFile; fileRef = 6566667EC4FA4619A741E11B /* CDVAssetLibraryFilesystem.m */; };
		B8EB207A45C948108756D22D /* CDVDevice.m in Sources */ = {isa = PBXBuildFile; fileRef = E5FF077D77E4435AAD4FA1AD /* CDVDevice.m */; };
		BE695DC11C1948EA9C5FFE04 /* CDVLocation.m in Sources */ = {isa = PBXBuildFile; fileRef = BDCFF16002DC49078B29AE0A /* CDVLocation.m */; };
		C7AB35D71D87C098005F099D /* JavaScriptCore.framework in Frameworks */ = {isa = PBXBuildFile; fileRef = C7AB35D61D87C098005F099D /* JavaScriptCore.framework */; };
		C7AB35D91D87C0A3005F099D /* UIKit.framework in Frameworks */ = {isa = PBXBuildFile; fileRef = C7AB35D81D87C0A2005F099D /* UIKit.framework */; };
		C7AB35E01D87C69F005F099D /* FacebookSDK.framework in Frameworks */ = {isa = PBXBuildFile; fileRef = C7AB35DF1D87C69F005F099D /* FacebookSDK.framework */; };
		C7AB35E21D87C6BF005F099D /* FBSDKCoreKit.framework in Frameworks */ = {isa = PBXBuildFile; fileRef = C7AB35E11D87C6BF005F099D /* FBSDKCoreKit.framework */; };
		C7AB35F21D87C7AF005F099D /* icon-40.png in Resources */ = {isa = PBXBuildFile; fileRef = C7AB35E31D87C7AF005F099D /* icon-40.png */; };
		C7AB35F31D87C7AF005F099D /* icon-40@2x.png in Resources */ = {isa = PBXBuildFile; fileRef = C7AB35E41D87C7AF005F099D /* icon-40@2x.png */; };
		C7AB35F41D87C7AF005F099D /* icon-50.png in Resources */ = {isa = PBXBuildFile; fileRef = C7AB35E51D87C7AF005F099D /* icon-50.png */; };
		C7AB35F51D87C7AF005F099D /* icon-50@2x.png in Resources */ = {isa = PBXBuildFile; fileRef = C7AB35E61D87C7AF005F099D /* icon-50@2x.png */; };
		C7AB35F61D87C7AF005F099D /* icon-60.png in Resources */ = {isa = PBXBuildFile; fileRef = C7AB35E71D87C7AF005F099D /* icon-60.png */; };
		C7AB35F71D87C7AF005F099D /* icon-60@2x.png in Resources */ = {isa = PBXBuildFile; fileRef = C7AB35E81D87C7AF005F099D /* icon-60@2x.png */; };
		C7AB35F81D87C7AF005F099D /* icon-60@3x.png in Resources */ = {isa = PBXBuildFile; fileRef = C7AB35E91D87C7AF005F099D /* icon-60@3x.png */; };
		C7AB35F91D87C7AF005F099D /* icon-72.png in Resources */ = {isa = PBXBuildFile; fileRef = C7AB35EA1D87C7AF005F099D /* icon-72.png */; };
		C7AB35FA1D87C7AF005F099D /* icon-72@2x.png in Resources */ = {isa = PBXBuildFile; fileRef = C7AB35EB1D87C7AF005F099D /* icon-72@2x.png */; };
		C7AB35FB1D87C7AF005F099D /* icon-76.png in Resources */ = {isa = PBXBuildFile; fileRef = C7AB35EC1D87C7AF005F099D /* icon-76.png */; };
		C7AB35FC1D87C7AF005F099D /* icon-76@2x.png in Resources */ = {isa = PBXBuildFile; fileRef = C7AB35ED1D87C7AF005F099D /* icon-76@2x.png */; };
		C7AB35FD1D87C7AF005F099D /* icon-small.png in Resources */ = {isa = PBXBuildFile; fileRef = C7AB35EE1D87C7AF005F099D /* icon-small.png */; };
		C7AB35FE1D87C7AF005F099D /* icon-small@2x.png in Resources */ = {isa = PBXBuildFile; fileRef = C7AB35EF1D87C7AF005F099D /* icon-small@2x.png */; };
		C7AB35FF1D87C7AF005F099D /* icon.png in Resources */ = {isa = PBXBuildFile; fileRef = C7AB35F01D87C7AF005F099D /* icon.png */; };
		C7AB36001D87C7AF005F099D /* icon@2x.png in Resources */ = {isa = PBXBuildFile; fileRef = C7AB35F11D87C7AF005F099D /* icon@2x.png */; };
		C7AB360B1D87C7C0005F099D /* Default-568h@2x~iphone.png in Resources */ = {isa = PBXBuildFile; fileRef = C7AB36011D87C7C0005F099D /* Default-568h@2x~iphone.png */; };
		C7AB360C1D87C7C0005F099D /* Default-667h.png in Resources */ = {isa = PBXBuildFile; fileRef = C7AB36021D87C7C0005F099D /* Default-667h.png */; };
		C7AB360D1D87C7C0005F099D /* Default-736h.png in Resources */ = {isa = PBXBuildFile; fileRef = C7AB36031D87C7C0005F099D /* Default-736h.png */; };
		C7AB360E1D87C7C0005F099D /* Default-Landscape-736h.png in Resources */ = {isa = PBXBuildFile; fileRef = C7AB36041D87C7C0005F099D /* Default-Landscape-736h.png */; };
		C7AB360F1D87C7C0005F099D /* Default-Landscape@2x~ipad.png in Resources */ = {isa = PBXBuildFile; fileRef = C7AB36051D87C7C0005F099D /* Default-Landscape@2x~ipad.png */; };
		C7AB36101D87C7C0005F099D /* Default-Landscape~ipad.png in Resources */ = {isa = PBXBuildFile; fileRef = C7AB36061D87C7C0005F099D /* Default-Landscape~ipad.png */; };
		C7AB36111D87C7C0005F099D /* Default-Portrait@2x~ipad.png in Resources */ = {isa = PBXBuildFile; fileRef = C7AB36071D87C7C0005F099D /* Default-Portrait@2x~ipad.png */; };
		C7AB36121D87C7C0005F099D /* Default-Portrait~ipad.png in Resources */ = {isa = PBXBuildFile; fileRef = C7AB36081D87C7C0005F099D /* Default-Portrait~ipad.png */; };
		C7AB36131D87C7C0005F099D /* Default@2x~iphone.png in Resources */ = {isa = PBXBuildFile; fileRef = C7AB36091D87C7C0005F099D /* Default@2x~iphone.png */; };
		C7AB36141D87C7C0005F099D /* Default~iphone.png in Resources */ = {isa = PBXBuildFile; fileRef = C7AB360A1D87C7C0005F099D /* Default~iphone.png */; };
		CA16A77C883442A08C75414F /* AdSupport.framework in Frameworks */ = {isa = PBXBuildFile; fileRef = AFCD791537CE4367A2C18D71 /* AdSupport.framework */; settings = {ATTRIBUTES = (Weak, ); }; };
		CB8806E880354B999A1E0E76 /* AddressBook.framework in Frameworks */ = {isa = PBXBuildFile; fileRef = 66E49DCBD6894071A08CDD5B /* AddressBook.framework */; settings = {ATTRIBUTES = (Weak, ); }; };
		CE90981D8E9341DBBB771C6D /* CDVSplashScreen.m in Sources */ = {isa = PBXBuildFile; fileRef = 3EE1D66BE27A4A6DBA3AF951 /* CDVSplashScreen.m */; };
		D11EFAC655C342D88BA47617 /* CDVCapture.bundle in Resources */ = {isa = PBXBuildFile; fileRef = 482EDB6664B7422F9322AC53 /* CDVCapture.bundle */; };
		D327525C1AE64DA9833ED8C6 /* CDVLocalFilesystem.m in Sources */ = {isa = PBXBuildFile; fileRef = EC25C4B049004267924C49B8 /* CDVLocalFilesystem.m */; };
		D72B2CFDA4B845F59F2F4CCC /* CDVContact.m in Sources */ = {isa = PBXBuildFile; fileRef = AC176C030CBE45E1B0AB6321 /* CDVContact.m */; };
		DA37A2A6FDDA41F7AF62E6ED /* CoreLocation.framework in Frameworks */ = {isa = PBXBuildFile; fileRef = 7C01FECAC6124301AACD458B /* CoreLocation.framework */; };
		DC29B5CB216042D9A548950A /* AppDelegate+notification.m in Sources */ = {isa = PBXBuildFile; fileRef = C626AA763C8845B9BF7D38AF /* AppDelegate+notification.m */; };
		DC46ECFBA47A4A1685676AFC /* CDVContacts.m in Sources */ = {isa = PBXBuildFile; fileRef = C244EB16C9F54FC5A46C5019 /* CDVContacts.m */; };
		E484196B6496454F912AD12C /* CDVCapture.m in Sources */ = {isa = PBXBuildFile; fileRef = BA43AB143C904AC9BA45658A /* CDVCapture.m */; };
		ED7C6F35E6314683B17E68D6 /* libFlurry.a in Frameworks */ = {isa = PBXBuildFile; fileRef = D0DF10775A8F4BA19AD32245 /* libFlurry.a */; };
/* End PBXBuildFile section */

/* Begin PBXContainerItemProxy section */
		301BF534109A57CC0062928A /* PBXContainerItemProxy */ = {
			isa = PBXContainerItemProxy;
			containerPortal = 301BF52D109A57CC0062928A /* CordovaLib.xcodeproj */;
			proxyType = 2;
			remoteGlobalIDString = D2AAC07E0554694100DB518D;
			remoteInfo = CordovaLib;
		};
		301BF550109A68C00062928A /* PBXContainerItemProxy */ = {
			isa = PBXContainerItemProxy;
			containerPortal = 301BF52D109A57CC0062928A /* CordovaLib.xcodeproj */;
			proxyType = 1;
			remoteGlobalIDString = D2AAC07D0554694100DB518D;
			remoteInfo = CordovaLib;
		};
/* End PBXContainerItemProxy section */

/* Begin PBXFileReference section */
		00067F93F01B46BD852E6C8E /* FBShareDialogParams.h */ = {isa = PBXFileReference; explicitFileType = undefined; fileEncoding = 4; includeInIndex = 0; lastKnownFileType = sourcecode.c.h; name = FBShareDialogParams.h; path = com.phonegap.plugins.facebookconnect/facebook/FBShareDialogParams.h; sourceTree = "<group>"; };
		006DE576AE2445B4BD84CF61 /* FBError.h */ = {isa = PBXFileReference; explicitFileType = undefined; fileEncoding = 4; includeInIndex = 0; lastKnownFileType = sourcecode.c.h; name = FBError.h; path = com.phonegap.plugins.facebookconnect/facebook/FBError.h; sourceTree = "<group>"; };
		0569126FD84F4B8D94DC0909 /* FBDialogs.h */ = {isa = PBXFileReference; explicitFileType = undefined; fileEncoding = 4; includeInIndex = 0; lastKnownFileType = sourcecode.c.h; name = FBDialogs.h; path = com.phonegap.plugins.facebookconnect/facebook/FBDialogs.h; sourceTree = "<group>"; };
		058A806E89E44CE9B08CF41C /* CDVReachability.h */ = {isa = PBXFileReference; explicitFileType = undefined; fileEncoding = 4; includeInIndex = 0; lastKnownFileType = sourcecode.c.h; name = CDVReachability.h; path = "org.apache.cordova.network-information/CDVReachability.h"; sourceTree = "<group>"; };
		0DEBB196F7874FF2A8CE5B0C /* FBWebDialogs.h */ = {isa = PBXFileReference; explicitFileType = undefined; fileEncoding = 4; includeInIndex = 0; lastKnownFileType = sourcecode.c.h; name = FBWebDialogs.h; path = com.phonegap.plugins.facebookconnect/facebook/FBWebDialogs.h; sourceTree = "<group>"; };
		0FF1103AE1D14D85840FE8FB /* UIImage+CropScaleOrientation.h */ = {isa = PBXFileReference; explicitFileType = undefined; fileEncoding = 4; includeInIndex = 0; lastKnownFileType = sourcecode.c.h; name = "UIImage+CropScaleOrientation.h"; path = "org.apache.cordova.camera/UIImage+CropScaleOrientation.h"; sourceTree = "<group>"; };
		167B6D9A2D404BEAB1DF6CAC /* Social.framework */ = {isa = PBXFileReference; explicitFileType = undefined; fileEncoding = 9; includeInIndex = 0; lastKnownFileType = wrapper.framework; name = Social.framework; path = System/Library/Frameworks/Social.framework; sourceTree = SDKROOT; };
		182C02C25EFE4440BF6D8B35 /* SocialSharing.h */ = {isa = PBXFileReference; explicitFileType = undefined; fileEncoding = 4; includeInIndex = 0; lastKnownFileType = sourcecode.c.h; name = SocialSharing.h; path = "nl.x-services.plugins.socialsharing/SocialSharing.h"; sourceTree = "<group>"; };
		1D3623240D0F684500981E51 /* AppDelegate.h */ = {isa = PBXFileReference; fileEncoding = 4; lastKnownFileType = sourcecode.c.h; path = AppDelegate.h; sourceTree = "<group>"; };
		1D3623250D0F684500981E51 /* AppDelegate.m */ = {isa = PBXFileReference; fileEncoding = 4; lastKnownFileType = sourcecode.c.objc; path = AppDelegate.m; sourceTree = "<group>"; };
		1D6058910D05DD3D006BFB54 /* La Voz de Dios.app */ = {isa = PBXFileReference; explicitFileType = wrapper.application; includeInIndex = 0; path = "La Voz de Dios.app"; sourceTree = BUILT_PRODUCTS_DIR; };
		1D803B3D16DF4EF8B2D4CF36 /* CDVNotification.m */ = {isa = PBXFileReference; explicitFileType = undefined; fileEncoding = 4; includeInIndex = 0; lastKnownFileType = sourcecode.c.objc; name = CDVNotification.m; path = org.apache.cordova.dialogs/CDVNotification.m; sourceTree = "<group>"; };
		1EA7A40A72F04F0B95BE38CB /* FBAppLinkData.h */ = {isa = PBXFileReference; explicitFileType = undefined; fileEncoding = 4; includeInIndex = 0; lastKnownFileType = sourcecode.c.h; name = FBAppLinkData.h; path = com.phonegap.plugins.facebookconnect/facebook/FBAppLinkData.h; sourceTree = "<group>"; };
		20F96FDDDFDA49E4AF32E437 /* libsqlite3.dylib */ = {isa = PBXFileReference; explicitFileType = undefined; fileEncoding = 9; includeInIndex = 0; lastKnownFileType = "compiled.mach-o.dylib"; name = libsqlite3.dylib; path = usr/lib/libsqlite3.dylib; sourceTree = SDKROOT; };
		24756704BCB64EF79FF006D8 /* CDVNotification.h */ = {isa = PBXFileReference; explicitFileType = undefined; fileEncoding = 4; includeInIndex = 0; lastKnownFileType = sourcecode.c.h; name = CDVNotification.h; path = org.apache.cordova.dialogs/CDVNotification.h; sourceTree = "<group>"; };
		24D69FB8C10848B09A9A994C /* CDVLogger.m */ = {isa = PBXFileReference; explicitFileType = undefined; fileEncoding = 4; includeInIndex = 0; lastKnownFileType = sourcecode.c.objc; name = CDVLogger.m; path = org.apache.cordova.console/CDVLogger.m; sourceTree = "<group>"; };
		2598F0C484674697B730E8DF /* CDVInAppBrowser.h */ = {isa = PBXFileReference; explicitFileType = undefined; fileEncoding = 4; includeInIndex = 0; lastKnownFileType = sourcecode.c.h; name = CDVInAppBrowser.h; path = org.apache.cordova.inappbrowser/CDVInAppBrowser.h; sourceTree = "<group>"; };
		288765FC0DF74451002DB57D /* CoreGraphics.framework */ = {isa = PBXFileReference; lastKnownFileType = wrapper.framework; name = CoreGraphics.framework; path = System/Library/Frameworks/CoreGraphics.framework; sourceTree = SDKROOT; };
		29B97316FDCFA39411CA2CEA /* main.m */ = {isa = PBXFileReference; fileEncoding = 4; lastKnownFileType = sourcecode.c.objc; path = main.m; sourceTree = "<group>"; };
		2BF96338DAAD434B8F5CE047 /* CDVJpegHeaderWriter.m */ = {isa = PBXFileReference; explicitFileType = undefined; fileEncoding = 4; includeInIndex = 0; lastKnownFileType = sourcecode.c.objc; name = CDVJpegHeaderWriter.m; path = org.apache.cordova.camera/CDVJpegHeaderWriter.m; sourceTree = "<group>"; };
		2D849F0059F446DD978FC28B /* CDVReachability.m */ = {isa = PBXFileReference; explicitFileType = undefined; fileEncoding = 4; includeInIndex = 0; lastKnownFileType = sourcecode.c.objc; name = CDVReachability.m; path = "org.apache.cordova.network-information/CDVReachability.m"; sourceTree = "<group>"; };
		2DB2D6B75EEF45748EFECA15 /* SystemConfiguration.framework */ = {isa = PBXFileReference; explicitFileType = undefined; fileEncoding = 9; includeInIndex = 0; lastKnownFileType = wrapper.framework; name = SystemConfiguration.framework; path = System/Library/Frameworks/SystemConfiguration.framework; sourceTree = SDKROOT; };
		2E0039EAEB004D8BAA8D3B16 /* FBLoginView.h */ = {isa = PBXFileReference; explicitFileType = undefined; fileEncoding = 4; includeInIndex = 0; lastKnownFileType = sourcecode.c.h; name = FBLoginView.h; path = com.phonegap.plugins.facebookconnect/facebook/FBLoginView.h; sourceTree = "<group>"; };
		301BF52D109A57CC0062928A /* CordovaLib.xcodeproj */ = {isa = PBXFileReference; lastKnownFileType = "wrapper.pb-project"; name = CordovaLib.xcodeproj; path = CordovaLib/CordovaLib.xcodeproj; sourceTree = "<group>"; };
		301BF56E109A69640062928A /* www */ = {isa = PBXFileReference; lastKnownFileType = folder; path = www; sourceTree = SOURCE_ROOT; };
		302D95EE14D2391D003F00A1 /* MainViewController.h */ = {isa = PBXFileReference; fileEncoding = 4; lastKnownFileType = sourcecode.c.h; path = MainViewController.h; sourceTree = "<group>"; };
		302D95EF14D2391D003F00A1 /* MainViewController.m */ = {isa = PBXFileReference; fileEncoding = 4; lastKnownFileType = sourcecode.c.objc; path = MainViewController.m; sourceTree = "<group>"; };
		302D95F014D2391D003F00A1 /* MainViewController.xib */ = {isa = PBXFileReference; fileEncoding = 4; lastKnownFileType = file.xib; path = MainViewController.xib; sourceTree = "<group>"; };
		305D5FD0115AB8F900A74A75 /* MobileCoreServices.framework */ = {isa = PBXFileReference; lastKnownFileType = wrapper.framework; name = MobileCoreServices.framework; path = System/Library/Frameworks/MobileCoreServices.framework; sourceTree = SDKROOT; };
		30A54D1DCAE2424E961183DD /* FBAccessTokenData.h */ = {isa = PBXFileReference; explicitFileType = undefined; fileEncoding = 4; includeInIndex = 0; lastKnownFileType = sourcecode.c.h; name = FBAccessTokenData.h; path = com.phonegap.plugins.facebookconnect/facebook/FBAccessTokenData.h; sourceTree = "<group>"; };
		30BE9B9E5F1F4185AE49D7BA /* FBGraphUser.h */ = {isa = PBXFileReference; explicitFileType = undefined; fileEncoding = 4; includeInIndex = 0; lastKnownFileType = sourcecode.c.h; name = FBGraphUser.h; path = com.phonegap.plugins.facebookconnect/facebook/FBGraphUser.h; sourceTree = "<group>"; };
		31393813CA254CF6998D6B34 /* Security.framework */ = {isa = PBXFileReference; explicitFileType = undefined; fileEncoding = 9; includeInIndex = 0; lastKnownFileType = wrapper.framework; name = Security.framework; path = System/Library/Frameworks/Security.framework; sourceTree = SDKROOT; };
		32454DD41FC04D07AABEC6A4 /* CDVDevice.h */ = {isa = PBXFileReference; explicitFileType = undefined; fileEncoding = 4; includeInIndex = 0; lastKnownFileType = sourcecode.c.h; name = CDVDevice.h; path = org.apache.cordova.device/CDVDevice.h; sourceTree = "<group>"; };
		32CA4F630368D1EE00C91783 /* La Voz de Dios-Prefix.pch */ = {isa = PBXFileReference; fileEncoding = 4; lastKnownFileType = sourcecode.c.h; path = "La Voz de Dios-Prefix.pch"; sourceTree = "<group>"; };
		33B768BD158F438890F3E3FB /* CDVConnection.h */ = {isa = PBXFileReference; explicitFileType = undefined; fileEncoding = 4; includeInIndex = 0; lastKnownFileType = sourcecode.c.h; name = CDVConnection.h; path = "org.apache.cordova.network-information/CDVConnection.h"; sourceTree = "<group>"; };
		3C98371DC8CA4E8695358268 /* FBViewController.h */ = {isa = PBXFileReference; explicitFileType = undefined; fileEncoding = 4; includeInIndex = 0; lastKnownFileType = sourcecode.c.h; name = FBViewController.h; path = com.phonegap.plugins.facebookconnect/facebook/FBViewController.h; sourceTree = "<group>"; };
		3EE1D66BE27A4A6DBA3AF951 /* CDVSplashScreen.m */ = {isa = PBXFileReference; explicitFileType = undefined; fileEncoding = 4; includeInIndex = 0; lastKnownFileType = sourcecode.c.objc; name = CDVSplashScreen.m; path = org.apache.cordova.splashscreen/CDVSplashScreen.m; sourceTree = "<group>"; };
		42DE422057884C84898C0EE1 /* FBGraphPlace.h */ = {isa = PBXFileReference; explicitFileType = undefined; fileEncoding = 4; includeInIndex = 0; lastKnownFileType = sourcecode.c.h; name = FBGraphPlace.h; path = com.phonegap.plugins.facebookconnect/facebook/FBGraphPlace.h; sourceTree = "<group>"; };
		482EDB6664B7422F9322AC53 /* CDVCapture.bundle */ = {isa = PBXFileReference; explicitFileType = undefined; fileEncoding = 9; includeInIndex = 0; lastKnownFileType = "wrapper.plug-in"; path = CDVCapture.bundle; sourceTree = "<group>"; };
		49DF2BDA7B544E7191A9F202 /* FBSessionTokenCachingStrategy.h */ = {isa = PBXFileReference; explicitFileType = undefined; fileEncoding = 4; includeInIndex = 0; lastKnownFileType = sourcecode.c.h; name = FBSessionTokenCachingStrategy.h; path = com.phonegap.plugins.facebookconnect/facebook/FBSessionTokenCachingStrategy.h; sourceTree = "<group>"; };
		4AA48236CF754CC2B6210854 /* CDVVibration.h */ = {isa = PBXFileReference; explicitFileType = undefined; fileEncoding = 4; includeInIndex = 0; lastKnownFileType = sourcecode.c.h; name = CDVVibration.h; path = org.apache.cordova.vibration/CDVVibration.h; sourceTree = "<group>"; };
		4AB1D718AAB4425686FED941 /* CDVFile.m */ = {isa = PBXFileReference; explicitFileType = undefined; fileEncoding = 4; includeInIndex = 0; lastKnownFileType = sourcecode.c.objc; name = CDVFile.m; path = org.apache.cordova.file/CDVFile.m; sourceTree = "<group>"; };
		4D7473BA686B48DAA1EC0DDC /* FacebookConnectPlugin.m */ = {isa = PBXFileReference; explicitFileType = undefined; fileEncoding = 4; includeInIndex = 0; lastKnownFileType = sourcecode.c.objc; name = FacebookConnectPlugin.m; path = com.phonegap.plugins.facebookconnect/FacebookConnectPlugin.m; sourceTree = "<group>"; };
		4FA10A772B514351B667A1A4 /* AudioToolbox.framework */ = {isa = PBXFileReference; explicitFileType = undefined; fileEncoding = 9; includeInIndex = 0; lastKnownFileType = wrapper.framework; name = AudioToolbox.framework; path = System/Library/Frameworks/AudioToolbox.framework; sourceTree = SDKROOT; };
		5273415B675D4315B6E06F7E /* SocialSharing.m */ = {isa = PBXFileReference; explicitFileType = undefined; fileEncoding = 4; includeInIndex = 0; lastKnownFileType = sourcecode.c.objc; name = SocialSharing.m; path = "nl.x-services.plugins.socialsharing/SocialSharing.m"; sourceTree = "<group>"; };
		53EBD6F1BEB047DAB8BABD49 /* UIImage+CropScaleOrientation.m */ = {isa = PBXFileReference; explicitFileType = undefined; fileEncoding = 4; includeInIndex = 0; lastKnownFileType = sourcecode.c.objc; name = "UIImage+CropScaleOrientation.m"; path = "org.apache.cordova.camera/UIImage+CropScaleOrientation.m"; sourceTree = "<group>"; };
		58F5386318854A33B048FBA8 /* FBTestSession.h */ = {isa = PBXFileReference; explicitFileType = undefined; fileEncoding = 4; includeInIndex = 0; lastKnownFileType = sourcecode.c.h; name = FBTestSession.h; path = com.phonegap.plugins.facebookconnect/facebook/FBTestSession.h; sourceTree = "<group>"; };
		59F8CF2D16D4404B8922477D /* FBSettings.h */ = {isa = PBXFileReference; explicitFileType = undefined; fileEncoding = 4; includeInIndex = 0; lastKnownFileType = sourcecode.c.h; name = FBSettings.h; path = com.phonegap.plugins.facebookconnect/facebook/FBSettings.h; sourceTree = "<group>"; };
		5B1594DC16A7569C00FEF299 /* AssetsLibrary.framework */ = {isa = PBXFileReference; lastKnownFileType = wrapper.framework; name = AssetsLibrary.framework; path = System/Library/Frameworks/AssetsLibrary.framework; sourceTree = SDKROOT; };
		5E495325E9F84CACA4B61368 /* ImageIO.framework */ = {isa = PBXFileReference; explicitFileType = undefined; fileEncoding = 9; includeInIndex = 0; lastKnownFileType = wrapper.framework; name = ImageIO.framework; path = System/Library/Frameworks/ImageIO.framework; sourceTree = SDKROOT; };
		607939EB815E45DE84CB022A /* AppDelegate+notification.h */ = {isa = PBXFileReference; explicitFileType = undefined; fileEncoding = 4; includeInIndex = 0; lastKnownFileType = sourcecode.c.h; name = "AppDelegate+notification.h"; path = "com.phonegap.plugins.PushPlugin/AppDelegate+notification.h"; sourceTree = "<group>"; };
		629DA066C0F44EE58D10BEF7 /* Sms.m */ = {isa = PBXFileReference; explicitFileType = undefined; fileEncoding = 4; includeInIndex = 0; lastKnownFileType = sourcecode.c.objc; name = Sms.m; path = com.cordova.plugins.sms/Sms.m; sourceTree = "<group>"; };
		6566667EC4FA4619A741E11B /* CDVAssetLibraryFilesystem.m */ = {isa = PBXFileReference; explicitFileType = undefined; fileEncoding = 4; includeInIndex = 0; lastKnownFileType = sourcecode.c.objc; name = CDVAssetLibraryFilesystem.m; path = org.apache.cordova.file/CDVAssetLibraryFilesystem.m; sourceTree = "<group>"; };
		66E49DCBD6894071A08CDD5B /* AddressBook.framework */ = {isa = PBXFileReference; explicitFileType = undefined; fileEncoding = 9; includeInIndex = 0; lastKnownFileType = wrapper.framework; name = AddressBook.framework; path = System/Library/Frameworks/AddressBook.framework; sourceTree = SDKROOT; };
		688E4AAB48A94257BC3FE434 /* FBSession.h */ = {isa = PBXFileReference; explicitFileType = undefined; fileEncoding = 4; includeInIndex = 0; lastKnownFileType = sourcecode.c.h; name = FBSession.h; path = com.phonegap.plugins.facebookconnect/facebook/FBSession.h; sourceTree = "<group>"; };
		69152B86D93B4F018BD5438B /* FacebookSDK.h */ = {isa = PBXFileReference; explicitFileType = undefined; fileEncoding = 4; includeInIndex = 0; lastKnownFileType = sourcecode.c.h; name = FacebookSDK.h; path = com.phonegap.plugins.facebookconnect/facebook/FacebookSDK.h; sourceTree = "<group>"; };
		6AFD8EAA626F4023B4BF168E /* FBNativeDialogs.h */ = {isa = PBXFileReference; explicitFileType = undefined; fileEncoding = 4; includeInIndex = 0; lastKnownFileType = sourcecode.c.h; name = FBNativeDialogs.h; path = com.phonegap.plugins.facebookconnect/facebook/FBNativeDialogs.h; sourceTree = "<group>"; };
		6DEBC8F776CE48F0901AB7A7 /* CDVSplashScreen.h */ = {isa = PBXFileReference; explicitFileType = undefined; fileEncoding = 4; includeInIndex = 0; lastKnownFileType = sourcecode.c.h; name = CDVSplashScreen.h; path = org.apache.cordova.splashscreen/CDVSplashScreen.h; sourceTree = "<group>"; };
		75E418D993FB4568842E2DB9 /* Flurry.h */ = {isa = PBXFileReference; explicitFileType = undefined; fileEncoding = 4; includeInIndex = 0; lastKnownFileType = sourcecode.c.h; name = Flurry.h; path = com.phonegap.plugins.Flurry/Flurry.h; sourceTree = "<group>"; };
		76EFFE0577BA45188F9AC989 /* CDVGlobalization.m */ = {isa = PBXFileReference; explicitFileType = undefined; fileEncoding = 4; includeInIndex = 0; lastKnownFileType = sourcecode.c.objc; name = CDVGlobalization.m; path = org.apache.cordova.globalization/CDVGlobalization.m; sourceTree = "<group>"; };
		7A46FCA384B54DD48FE8809C /* CDVSound.m */ = {isa = PBXFileReference; explicitFileType = undefined; fileEncoding = 4; includeInIndex = 0; lastKnownFileType = sourcecode.c.objc; name = CDVSound.m; path = org.apache.cordova.media/CDVSound.m; sourceTree = "<group>"; };
		7C01FECAC6124301AACD458B /* CoreLocation.framework */ = {isa = PBXFileReference; explicitFileType = undefined; fileEncoding = 9; includeInIndex = 0; lastKnownFileType = wrapper.framework; name = CoreLocation.framework; path = System/Library/Frameworks/CoreLocation.framework; sourceTree = SDKROOT; };
		7DFE1B09F673433CA0279701 /* FacebookConnectPlugin.h */ = {isa = PBXFileReference; explicitFileType = undefined; fileEncoding = 4; includeInIndex = 0; lastKnownFileType = sourcecode.c.h; name = FacebookConnectPlugin.h; path = com.phonegap.plugins.facebookconnect/FacebookConnectPlugin.h; sourceTree = "<group>"; };
		7F8A08F227664C8A984EBFF8 /* CDVNotification.bundle */ = {isa = PBXFileReference; explicitFileType = undefined; fileEncoding = 9; includeInIndex = 0; lastKnownFileType = "wrapper.plug-in"; path = CDVNotification.bundle; sourceTree = "<group>"; };
		805CBBE0A73846BC9F70A3A8 /* CDVFile.h */ = {isa = PBXFileReference; explicitFileType = undefined; fileEncoding = 4; includeInIndex = 0; lastKnownFileType = sourcecode.c.h; name = CDVFile.h; path = org.apache.cordova.file/CDVFile.h; sourceTree = "<group>"; };
		82BFAA3061BF47EF875B5747 /* FlurryPlugin.m */ = {isa = PBXFileReference; explicitFileType = undefined; fileEncoding = 4; includeInIndex = 0; lastKnownFileType = sourcecode.c.objc; name = FlurryPlugin.m; path = com.phonegap.plugins.Flurry/FlurryPlugin.m; sourceTree = "<group>"; };
		835DBD9C3D354CD9B964DB7E /* FBPlacePickerViewController.h */ = {isa = PBXFileReference; explicitFileType = undefined; fileEncoding = 4; includeInIndex = 0; lastKnownFileType = sourcecode.c.h; name = FBPlacePickerViewController.h; path = com.phonegap.plugins.facebookconnect/facebook/FBPlacePickerViewController.h; sourceTree = "<group>"; };
		83A4C90310D34863B729DED9 /* FacebookSDKResources.bundle */ = {isa = PBXFileReference; explicitFileType = undefined; fileEncoding = 9; includeInIndex = 0; lastKnownFileType = "wrapper.plug-in"; path = FacebookSDKResources.bundle; sourceTree = "<group>"; };
		866CD6E2DBBA40E4B40D54F7 /* FBFriendPickerViewController.h */ = {isa = PBXFileReference; explicitFileType = undefined; fileEncoding = 4; includeInIndex = 0; lastKnownFileType = sourcecode.c.h; name = FBFriendPickerViewController.h; path = com.phonegap.plugins.facebookconnect/facebook/FBFriendPickerViewController.h; sourceTree = "<group>"; };
		8AA4EEA259374A21A30D7080 /* CDVJpegHeaderWriter.h */ = {isa = PBXFileReference; explicitFileType = undefined; fileEncoding = 4; includeInIndex = 0; lastKnownFileType = sourcecode.c.h; name = CDVJpegHeaderWriter.h; path = org.apache.cordova.camera/CDVJpegHeaderWriter.h; sourceTree = "<group>"; };
		8B80E36579984FBEBB867B29 /* Sms.h */ = {isa = PBXFileReference; explicitFileType = undefined; fileEncoding = 4; includeInIndex = 0; lastKnownFileType = sourcecode.c.h; name = Sms.h; path = com.cordova.plugins.sms/Sms.h; sourceTree = "<group>"; };
		8C8E090D069B4536B0E2F8AD /* CDVFileTransfer.m */ = {isa = PBXFileReference; explicitFileType = undefined; fileEncoding = 4; includeInIndex = 0; lastKnownFileType = sourcecode.c.objc; name = CDVFileTransfer.m; path = "org.apache.cordova.file-transfer/CDVFileTransfer.m"; sourceTree = "<group>"; };
		8D1107310486CEB800E47090 /* La Voz de Dios-Info.plist */ = {isa = PBXFileReference; fileEncoding = 4; lastKnownFileType = text.plist.xml; name = "La Voz de Dios-Info.plist"; path = "../La Voz de Dios-Info.plist"; plistStructureDefinitionIdentifier = "com.apple.xcode.plist.structure-definition.iphone.info-plist"; sourceTree = "<group>"; };
		903803C1A6A142B3AE35A34A /* FBDialogsData.h */ = {isa = PBXFileReference; explicitFileType = undefined; fileEncoding = 4; includeInIndex = 0; lastKnownFileType = sourcecode.c.h; name = FBDialogsData.h; path = com.phonegap.plugins.facebookconnect/facebook/FBDialogsData.h; sourceTree = "<group>"; };
		9535A09889244DBEA60EAB65 /* PushPlugin.m */ = {isa = PBXFileReference; explicitFileType = undefined; fileEncoding = 4; includeInIndex = 0; lastKnownFileType = sourcecode.c.objc; name = PushPlugin.m; path = com.phonegap.plugins.PushPlugin/PushPlugin.m; sourceTree = "<group>"; };
		9B325076F5B447D09BE75A55 /* CDVLocation.h */ = {isa = PBXFileReference; explicitFileType = undefined; fileEncoding = 4; includeInIndex = 0; lastKnownFileType = sourcecode.c.h; name = CDVLocation.h; path = org.apache.cordova.geolocation/CDVLocation.h; sourceTree = "<group>"; };
		9CC985CFD226488F9832E04D /* FBRequest.h */ = {isa = PBXFileReference; explicitFileType = undefined; fileEncoding = 4; includeInIndex = 0; lastKnownFileType = sourcecode.c.h; name = FBRequest.h; path = com.phonegap.plugins.facebookconnect/facebook/FBRequest.h; sourceTree = "<group>"; };
		9CD55FFCF24C4A45B0A94138 /* FBOpenGraphObject.h */ = {isa = PBXFileReference; explicitFileType = undefined; fileEncoding = 4; includeInIndex = 0; lastKnownFileType = sourcecode.c.h; name = FBOpenGraphObject.h; path = com.phonegap.plugins.facebookconnect/facebook/FBOpenGraphObject.h; sourceTree = "<group>"; };
		9EB9378190C5497998AB4246 /* CDVCapture.h */ = {isa = PBXFileReference; explicitFileType = undefined; fileEncoding = 4; includeInIndex = 0; lastKnownFileType = sourcecode.c.h; name = CDVCapture.h; path = "org.apache.cordova.media-capture/CDVCapture.h"; sourceTree = "<group>"; };
		9FFC51F1D7EA4100AC32D64E /* FBRequestConnection.h */ = {isa = PBXFileReference; explicitFileType = undefined; fileEncoding = 4; includeInIndex = 0; lastKnownFileType = sourcecode.c.h; name = FBRequestConnection.h; path = com.phonegap.plugins.facebookconnect/facebook/FBRequestConnection.h; sourceTree = "<group>"; };
		9FFDFBFE15284808AB9B519C /* FlurryPlugin.h */ = {isa = PBXFileReference; explicitFileType = undefined; fileEncoding = 4; includeInIndex = 0; lastKnownFileType = sourcecode.c.h; name = FlurryPlugin.h; path = com.phonegap.plugins.Flurry/FlurryPlugin.h; sourceTree = "<group>"; };
		A229F71E893347B692F7155E /* FBOpenGraphAction.h */ = {isa = PBXFileReference; explicitFileType = undefined; fileEncoding = 4; includeInIndex = 0; lastKnownFileType = sourcecode.c.h; name = FBOpenGraphAction.h; path = com.phonegap.plugins.facebookconnect/facebook/FBOpenGraphAction.h; sourceTree = "<group>"; };
		A46B19C0948E4FA3B599F529 /* NSError+FBError.h */ = {isa = PBXFileReference; explicitFileType = undefined; fileEncoding = 4; includeInIndex = 0; lastKnownFileType = sourcecode.c.h; name = "NSError+FBError.h"; path = "com.phonegap.plugins.facebookconnect/facebook/NSError+FBError.h"; sourceTree = "<group>"; };
		A5D18EE99F674D45BAA4D332 /* CDVCamera.h */ = {isa = PBXFileReference; explicitFileType = undefined; fileEncoding = 4; includeInIndex = 0; lastKnownFileType = sourcecode.c.h; name = CDVCamera.h; path = org.apache.cordova.camera/CDVCamera.h; sourceTree = "<group>"; };
		A6BD760F81B247778A573248 /* FBOpenGraphActionShareDialogParams.h */ = {isa = PBXFileReference; explicitFileType = undefined; fileEncoding = 4; includeInIndex = 0; lastKnownFileType = sourcecode.c.h; name = FBOpenGraphActionShareDialogParams.h; path = com.phonegap.plugins.facebookconnect/facebook/FBOpenGraphActionShareDialogParams.h; sourceTree = "<group>"; };
		A6FB398BBDB84402B324F1CB /* CDVExif.h */ = {isa = PBXFileReference; explicitFileType = undefined; fileEncoding = 4; includeInIndex = 0; lastKnownFileType = sourcecode.c.h; name = CDVExif.h; path = org.apache.cordova.camera/CDVExif.h; sourceTree = "<group>"; };
		AB5E986EF68647BEAC115699 /* CDVContacts.h */ = {isa = PBXFileReference; explicitFileType = undefined; fileEncoding = 4; includeInIndex = 0; lastKnownFileType = sourcecode.c.h; name = CDVContacts.h; path = org.apache.cordova.contacts/CDVContacts.h; sourceTree = "<group>"; };
		AC176C030CBE45E1B0AB6321 /* CDVContact.m */ = {isa = PBXFileReference; explicitFileType = undefined; fileEncoding = 4; includeInIndex = 0; lastKnownFileType = sourcecode.c.objc; name = CDVContact.m; path = org.apache.cordova.contacts/CDVContact.m; sourceTree = "<group>"; };
		AFCD791537CE4367A2C18D71 /* AdSupport.framework */ = {isa = PBXFileReference; explicitFileType = undefined; fileEncoding = 9; includeInIndex = 0; lastKnownFileType = wrapper.framework; name = AdSupport.framework; path = System/Library/Frameworks/AdSupport.framework; sourceTree = SDKROOT; };
		B4D0CB067950475B931A0BB0 /* CDVContact.h */ = {isa = PBXFileReference; explicitFileType = undefined; fileEncoding = 4; includeInIndex = 0; lastKnownFileType = sourcecode.c.h; name = CDVContact.h; path = org.apache.cordova.contacts/CDVContact.h; sourceTree = "<group>"; };
		B63C4ED361C64589A5E3030D /* CFNetwork.framework */ = {isa = PBXFileReference; explicitFileType = undefined; fileEncoding = 9; includeInIndex = 0; lastKnownFileType = wrapper.framework; name = CFNetwork.framework; path = System/Library/Frameworks/CFNetwork.framework; sourceTree = SDKROOT; };
		B8FAA40E93AB451C95203CBB /* FBFrictionlessRecipientCache.h */ = {isa = PBXFileReference; explicitFileType = undefined; fileEncoding = 4; includeInIndex = 0; lastKnownFileType = sourcecode.c.h; name = FBFrictionlessRecipientCache.h; path = com.phonegap.plugins.facebookconnect/facebook/FBFrictionlessRecipientCache.h; sourceTree = "<group>"; };
		BA43AB143C904AC9BA45658A /* CDVCapture.m */ = {isa = PBXFileReference; explicitFileType = undefined; fileEncoding = 4; includeInIndex = 0; lastKnownFileType = sourcecode.c.objc; name = CDVCapture.m; path = "org.apache.cordova.media-capture/CDVCapture.m"; sourceTree = "<group>"; };
		BCF4B8DC31914E0F8099B3E2 /* FBAppCall.h */ = {isa = PBXFileReference; explicitFileType = undefined; fileEncoding = 4; includeInIndex = 0; lastKnownFileType = sourcecode.c.h; name = FBAppCall.h; path = com.phonegap.plugins.facebookconnect/facebook/FBAppCall.h; sourceTree = "<group>"; };
		BDCFF16002DC49078B29AE0A /* CDVLocation.m */ = {isa = PBXFileReference; explicitFileType = undefined; fileEncoding = 4; includeInIndex = 0; lastKnownFileType = sourcecode.c.objc; name = CDVLocation.m; path = org.apache.cordova.geolocation/CDVLocation.m; sourceTree = "<group>"; };
		BFEA2B3EA05B446EB86D2D3C /* FBProfilePictureView.h */ = {isa = PBXFileReference; explicitFileType = undefined; fileEncoding = 4; includeInIndex = 0; lastKnownFileType = sourcecode.c.h; name = FBProfilePictureView.h; path = com.phonegap.plugins.facebookconnect/facebook/FBProfilePictureView.h; sourceTree = "<group>"; };
		C20ACC9C155C45B093F9C3DD /* FBDialogsParams.h */ = {isa = PBXFileReference; explicitFileType = undefined; fileEncoding = 4; includeInIndex = 0; lastKnownFileType = sourcecode.c.h; name = FBDialogsParams.h; path = com.phonegap.plugins.facebookconnect/facebook/FBDialogsParams.h; sourceTree = "<group>"; };
		C244EB16C9F54FC5A46C5019 /* CDVContacts.m */ = {isa = PBXFileReference; explicitFileType = undefined; fileEncoding = 4; includeInIndex = 0; lastKnownFileType = sourcecode.c.objc; name = CDVContacts.m; path = org.apache.cordova.contacts/CDVContacts.m; sourceTree = "<group>"; };
		C2B982B64BBE4D69B20E4324 /* FBErrorUtility.h */ = {isa = PBXFileReference; explicitFileType = undefined; fileEncoding = 4; includeInIndex = 0; lastKnownFileType = sourcecode.c.h; name = FBErrorUtility.h; path = com.phonegap.plugins.facebookconnect/facebook/FBErrorUtility.h; sourceTree = "<group>"; };
		C626AA763C8845B9BF7D38AF /* AppDelegate+notification.m */ = {isa = PBXFileReference; explicitFileType = undefined; fileEncoding = 4; includeInIndex = 0; lastKnownFileType = sourcecode.c.objc; name = "AppDelegate+notification.m"; path = "com.phonegap.plugins.PushPlugin/AppDelegate+notification.m"; sourceTree = "<group>"; };
		C65E29E803E54FB8BA2925C5 /* FBUserSettingsViewController.h */ = {isa = PBXFileReference; explicitFileType = undefined; fileEncoding = 4; includeInIndex = 0; lastKnownFileType = sourcecode.c.h; name = FBUserSettingsViewController.h; path = com.phonegap.plugins.facebookconnect/facebook/FBUserSettingsViewController.h; sourceTree = "<group>"; };
		C7292FEA1DF66814007FEE25 /* La Voz de Dios.entitlements */ = {isa = PBXFileReference; lastKnownFileType = text.plist.entitlements; name = "La Voz de Dios.entitlements"; path = "La Voz de Dios/La Voz de Dios.entitlements"; sourceTree = "<group>"; };
		C7AB35D61D87C098005F099D /* JavaScriptCore.framework */ = {isa = PBXFileReference; lastKnownFileType = wrapper.framework; name = JavaScriptCore.framework; path = System/Library/Frameworks/JavaScriptCore.framework; sourceTree = SDKROOT; };
		C7AB35D81D87C0A2005F099D /* UIKit.framework */ = {isa = PBXFileReference; lastKnownFileType = wrapper.framework; name = UIKit.framework; path = System/Library/Frameworks/UIKit.framework; sourceTree = SDKROOT; };
		C7AB35DF1D87C69F005F099D /* FacebookSDK.framework */ = {isa = PBXFileReference; lastKnownFileType = wrapper.framework; path = FacebookSDK.framework; sourceTree = "<group>"; };
		C7AB35E11D87C6BF005F099D /* FBSDKCoreKit.framework */ = {isa = PBXFileReference; lastKnownFileType = wrapper.framework; path = FBSDKCoreKit.framework; sourceTree = "<group>"; };
		C7AB35E31D87C7AF005F099D /* icon-40.png */ = {isa = PBXFileReference; lastKnownFileType = image.png; path = "icon-40.png"; sourceTree = "<group>"; };
		C7AB35E41D87C7AF005F099D /* icon-40@2x.png */ = {isa = PBXFileReference; lastKnownFileType = image.png; path = "icon-40@2x.png"; sourceTree = "<group>"; };
		C7AB35E51D87C7AF005F099D /* icon-50.png */ = {isa = PBXFileReference; lastKnownFileType = image.png; path = "icon-50.png"; sourceTree = "<group>"; };
		C7AB35E61D87C7AF005F099D /* icon-50@2x.png */ = {isa = PBXFileReference; lastKnownFileType = image.png; path = "icon-50@2x.png"; sourceTree = "<group>"; };
		C7AB35E71D87C7AF005F099D /* icon-60.png */ = {isa = PBXFileReference; lastKnownFileType = image.png; path = "icon-60.png"; sourceTree = "<group>"; };
		C7AB35E81D87C7AF005F099D /* icon-60@2x.png */ = {isa = PBXFileReference; lastKnownFileType = image.png; path = "icon-60@2x.png"; sourceTree = "<group>"; };
		C7AB35E91D87C7AF005F099D /* icon-60@3x.png */ = {isa = PBXFileReference; lastKnownFileType = image.png; path = "icon-60@3x.png"; sourceTree = "<group>"; };
		C7AB35EA1D87C7AF005F099D /* icon-72.png */ = {isa = PBXFileReference; lastKnownFileType = image.png; path = "icon-72.png"; sourceTree = "<group>"; };
		C7AB35EB1D87C7AF005F099D /* icon-72@2x.png */ = {isa = PBXFileReference; lastKnownFileType = image.png; path = "icon-72@2x.png"; sourceTree = "<group>"; };
		C7AB35EC1D87C7AF005F099D /* icon-76.png */ = {isa = PBXFileReference; lastKnownFileType = image.png; path = "icon-76.png"; sourceTree = "<group>"; };
		C7AB35ED1D87C7AF005F099D /* icon-76@2x.png */ = {isa = PBXFileReference; lastKnownFileType = image.png; path = "icon-76@2x.png"; sourceTree = "<group>"; };
		C7AB35EE1D87C7AF005F099D /* icon-small.png */ = {isa = PBXFileReference; lastKnownFileType = image.png; path = "icon-small.png"; sourceTree = "<group>"; };
		C7AB35EF1D87C7AF005F099D /* icon-small@2x.png */ = {isa = PBXFileReference; lastKnownFileType = image.png; path = "icon-small@2x.png"; sourceTree = "<group>"; };
		C7AB35F01D87C7AF005F099D /* icon.png */ = {isa = PBXFileReference; lastKnownFileType = image.png; path = icon.png; sourceTree = "<group>"; };
		C7AB35F11D87C7AF005F099D /* icon@2x.png */ = {isa = PBXFileReference; lastKnownFileType = image.png; path = "icon@2x.png"; sourceTree = "<group>"; };
		C7AB36011D87C7C0005F099D /* Default-568h@2x~iphone.png */ = {isa = PBXFileReference; lastKnownFileType = image.png; path = "Default-568h@2x~iphone.png"; sourceTree = "<group>"; };
		C7AB36021D87C7C0005F099D /* Default-667h.png */ = {isa = PBXFileReference; lastKnownFileType = image.png; path = "Default-667h.png"; sourceTree = "<group>"; };
		C7AB36031D87C7C0005F099D /* Default-736h.png */ = {isa = PBXFileReference; lastKnownFileType = image.png; path = "Default-736h.png"; sourceTree = "<group>"; };
		C7AB36041D87C7C0005F099D /* Default-Landscape-736h.png */ = {isa = PBXFileReference; lastKnownFileType = image.png; path = "Default-Landscape-736h.png"; sourceTree = "<group>"; };
		C7AB36051D87C7C0005F099D /* Default-Landscape@2x~ipad.png */ = {isa = PBXFileReference; lastKnownFileType = image.png; path = "Default-Landscape@2x~ipad.png"; sourceTree = "<group>"; };
		C7AB36061D87C7C0005F099D /* Default-Landscape~ipad.png */ = {isa = PBXFileReference; lastKnownFileType = image.png; path = "Default-Landscape~ipad.png"; sourceTree = "<group>"; };
		C7AB36071D87C7C0005F099D /* Default-Portrait@2x~ipad.png */ = {isa = PBXFileReference; lastKnownFileType = image.png; path = "Default-Portrait@2x~ipad.png"; sourceTree = "<group>"; };
		C7AB36081D87C7C0005F099D /* Default-Portrait~ipad.png */ = {isa = PBXFileReference; lastKnownFileType = image.png; path = "Default-Portrait~ipad.png"; sourceTree = "<group>"; };
		C7AB36091D87C7C0005F099D /* Default@2x~iphone.png */ = {isa = PBXFileReference; lastKnownFileType = image.png; path = "Default@2x~iphone.png"; sourceTree = "<group>"; };
		C7AB360A1D87C7C0005F099D /* Default~iphone.png */ = {isa = PBXFileReference; lastKnownFileType = image.png; path = "Default~iphone.png"; sourceTree = "<group>"; };
		C7E2592311F145DAA649AFC1 /* Accounts.framework */ = {isa = PBXFileReference; explicitFileType = undefined; fileEncoding = 9; includeInIndex = 0; lastKnownFileType = wrapper.framework; name = Accounts.framework; path = System/Library/Frameworks/Accounts.framework; sourceTree = SDKROOT; };
		C9BF8CA072DD475DA102833C /* FBInsights.h */ = {isa = PBXFileReference; explicitFileType = undefined; fileEncoding = 4; includeInIndex = 0; lastKnownFileType = sourcecode.c.h; name = FBInsights.h; path = com.phonegap.plugins.facebookconnect/facebook/FBInsights.h; sourceTree = "<group>"; };
		CEEA940DFC43440784C9AE20 /* FBUserSettingsViewResources.bundle */ = {isa = PBXFileReference; explicitFileType = undefined; fileEncoding = 9; includeInIndex = 0; lastKnownFileType = "wrapper.plug-in"; path = FBUserSettingsViewResources.bundle; sourceTree = "<group>"; };
		CF57774E92BA402BA3A365F8 /* CDVSound.h */ = {isa = PBXFileReference; explicitFileType = undefined; fileEncoding = 4; includeInIndex = 0; lastKnownFileType = sourcecode.c.h; name = CDVSound.h; path = org.apache.cordova.media/CDVSound.h; sourceTree = "<group>"; };
		D0DF10775A8F4BA19AD32245 /* libFlurry.a */ = {isa = PBXFileReference; explicitFileType = undefined; fileEncoding = 9; includeInIndex = 0; lastKnownFileType = archive.ar; name = libFlurry.a; path = "La Voz de Dios/Plugins/com.phonegap.plugins.Flurry/libFlurry.a"; sourceTree = "<group>"; };
		D393BF0E5EDA45CDA8110D38 /* CDVLogger.h */ = {isa = PBXFileReference; explicitFileType = undefined; fileEncoding = 4; includeInIndex = 0; lastKnownFileType = sourcecode.c.h; name = CDVLogger.h; path = org.apache.cordova.console/CDVLogger.h; sourceTree = "<group>"; };
		D5E6EDEB71654771AA53B264 /* PushPlugin.h */ = {isa = PBXFileReference; explicitFileType = undefined; fileEncoding = 4; includeInIndex = 0; lastKnownFileType = sourcecode.c.h; name = PushPlugin.h; path = com.phonegap.plugins.PushPlugin/PushPlugin.h; sourceTree = "<group>"; };
		E005D9709B7740AE802E5998 /* CDVLocalFilesystem.h */ = {isa = PBXFileReference; explicitFileType = undefined; fileEncoding = 4; includeInIndex = 0; lastKnownFileType = sourcecode.c.h; name = CDVLocalFilesystem.h; path = org.apache.cordova.file/CDVLocalFilesystem.h; sourceTree = "<group>"; };
		E5E6CB0564EC47DFA6B1A22E /* CDVInAppBrowser.m */ = {isa = PBXFileReference; explicitFileType = undefined; fileEncoding = 4; includeInIndex = 0; lastKnownFileType = sourcecode.c.objc; name = CDVInAppBrowser.m; path = org.apache.cordova.inappbrowser/CDVInAppBrowser.m; sourceTree = "<group>"; };
		E5FF077D77E4435AAD4FA1AD /* CDVDevice.m */ = {isa = PBXFileReference; explicitFileType = undefined; fileEncoding = 4; includeInIndex = 0; lastKnownFileType = sourcecode.c.objc; name = CDVDevice.m; path = org.apache.cordova.device/CDVDevice.m; sourceTree = "<group>"; };
		E859BFB1C6C3424696F5164D /* CDVVibration.m */ = {isa = PBXFileReference; explicitFileType = undefined; fileEncoding = 4; includeInIndex = 0; lastKnownFileType = sourcecode.c.objc; name = CDVVibration.m; path = org.apache.cordova.vibration/CDVVibration.m; sourceTree = "<group>"; };
		EB87FDF21871DA7A0020F90C /* merges */ = {isa = PBXFileReference; lastKnownFileType = folder; name = merges; path = ../../merges; sourceTree = "<group>"; };
		EB87FDF31871DA8E0020F90C /* www */ = {isa = PBXFileReference; lastKnownFileType = folder; name = www; path = ../../www; sourceTree = "<group>"; };
		EB87FDF41871DAF40020F90C /* config.xml */ = {isa = PBXFileReference; lastKnownFileType = text.xml; name = config.xml; path = ../../config.xml; sourceTree = "<group>"; };
		EC25C4B049004267924C49B8 /* CDVLocalFilesystem.m */ = {isa = PBXFileReference; explicitFileType = undefined; fileEncoding = 4; includeInIndex = 0; lastKnownFileType = sourcecode.c.objc; name = CDVLocalFilesystem.m; path = org.apache.cordova.file/CDVLocalFilesystem.m; sourceTree = "<group>"; };
		EC81F7C088264F8AB5E6C2ED /* CDVConnection.m */ = {isa = PBXFileReference; explicitFileType = undefined; fileEncoding = 4; includeInIndex = 0; lastKnownFileType = sourcecode.c.objc; name = CDVConnection.m; path = "org.apache.cordova.network-information/CDVConnection.m"; sourceTree = "<group>"; };
		F2596A7B1BD14E028D6A46E2 /* FBGraphLocation.h */ = {isa = PBXFileReference; explicitFileType = undefined; fileEncoding = 4; includeInIndex = 0; lastKnownFileType = sourcecode.c.h; name = FBGraphLocation.h; path = com.phonegap.plugins.facebookconnect/facebook/FBGraphLocation.h; sourceTree = "<group>"; };
		F35B62FBC4044A0D8584BBFF /* FBCacheDescriptor.h */ = {isa = PBXFileReference; explicitFileType = undefined; fileEncoding = 4; includeInIndex = 0; lastKnownFileType = sourcecode.c.h; name = FBCacheDescriptor.h; path = com.phonegap.plugins.facebookconnect/facebook/FBCacheDescriptor.h; sourceTree = "<group>"; };
		F48B975E0C8641509BC41449 /* AddressBookUI.framework */ = {isa = PBXFileReference; explicitFileType = undefined; fileEncoding = 9; includeInIndex = 0; lastKnownFileType = wrapper.framework; name = AddressBookUI.framework; path = System/Library/Frameworks/AddressBookUI.framework; sourceTree = SDKROOT; };
		F4A3760B26E04BD88ABE7146 /* FBGraphObject.h */ = {isa = PBXFileReference; explicitFileType = undefined; fileEncoding = 4; includeInIndex = 0; lastKnownFileType = sourcecode.c.h; name = FBGraphObject.h; path = com.phonegap.plugins.facebookconnect/facebook/FBGraphObject.h; sourceTree = "<group>"; };
		F840E1F0165FE0F500CFE078 /* config.xml */ = {isa = PBXFileReference; lastKnownFileType = text.xml; name = config.xml; path = "La Voz de Dios/config.xml"; sourceTree = "<group>"; };
		FC7F3153C77F4263B58EFE38 /* MessageUI.framework */ = {isa = PBXFileReference; explicitFileType = undefined; fileEncoding = 9; includeInIndex = 0; lastKnownFileType = wrapper.framework; name = MessageUI.framework; path = System/Library/Frameworks/MessageUI.framework; sourceTree = SDKROOT; };
		FC8694CE12D14196B0B6CB7B /* CDVFileTransfer.h */ = {isa = PBXFileReference; explicitFileType = undefined; fileEncoding = 4; includeInIndex = 0; lastKnownFileType = sourcecode.c.h; name = CDVFileTransfer.h; path = "org.apache.cordova.file-transfer/CDVFileTransfer.h"; sourceTree = "<group>"; };
		FCAE227DF89D4848A2BC2604 /* CDVGlobalization.h */ = {isa = PBXFileReference; explicitFileType = undefined; fileEncoding = 4; includeInIndex = 0; lastKnownFileType = sourcecode.c.h; name = CDVGlobalization.h; path = org.apache.cordova.globalization/CDVGlobalization.h; sourceTree = "<group>"; };
		FD0DCC3A46244B96BB03E662 /* CDVCamera.m */ = {isa = PBXFileReference; explicitFileType = undefined; fileEncoding = 4; includeInIndex = 0; lastKnownFileType = sourcecode.c.objc; name = CDVCamera.m; path = org.apache.cordova.camera/CDVCamera.m; sourceTree = "<group>"; };
		FE7326247FA94FB4968273F6 /* CDVAssetLibraryFilesystem.h */ = {isa = PBXFileReference; explicitFileType = undefined; fileEncoding = 4; includeInIndex = 0; lastKnownFileType = sourcecode.c.h; name = CDVAssetLibraryFilesystem.h; path = org.apache.cordova.file/CDVAssetLibraryFilesystem.h; sourceTree = "<group>"; };
/* End PBXFileReference section */

/* Begin PBXFrameworksBuildPhase section */
		1D60588F0D05DD3D006BFB54 /* Frameworks */ = {
			isa = PBXFrameworksBuildPhase;
			buildActionMask = 2147483647;
			files = (
				C7AB35E21D87C6BF005F099D /* FBSDKCoreKit.framework in Frameworks */,
				C7AB35E01D87C69F005F099D /* FacebookSDK.framework in Frameworks */,
				6890F61D0569436F9FD046DA /* Social.framework in Frameworks */,
				B58DFDB4A4FE44B0A7D77E67 /* Security.framework in Frameworks */,
				C7AB35D91D87C0A3005F099D /* UIKit.framework in Frameworks */,
				C7AB35D71D87C098005F099D /* JavaScriptCore.framework in Frameworks */,
				5B1594DD16A7569C00FEF299 /* AssetsLibrary.framework in Frameworks */,
				301BF552109A68D80062928A /* libCordova.a in Frameworks */,
				288765FD0DF74451002DB57D /* CoreGraphics.framework in Frameworks */,
				305D5FD1115AB8F900A74A75 /* MobileCoreServices.framework in Frameworks */,
				81009DFA86FD4A8EB8E5A366 /* MessageUI.framework in Frameworks */,
				ED7C6F35E6314683B17E68D6 /* libFlurry.a in Frameworks */,
				80195C53311E4E84A17DBF78 /* SystemConfiguration.framework in Frameworks */,
				2D59A09548FA47EEA2E19D32 /* CFNetwork.framework in Frameworks */,
				94CA0CABFA534F3085D28195 /* libsqlite3.dylib in Frameworks */,
				51B1E1A37B5D47FCAC8D6468 /* Accounts.framework in Frameworks */,
				CA16A77C883442A08C75414F /* AdSupport.framework in Frameworks */,
				B207DF00BA2C44BFABF923FE /* ImageIO.framework in Frameworks */,
				DA37A2A6FDDA41F7AF62E6ED /* CoreLocation.framework in Frameworks */,
				CB8806E880354B999A1E0E76 /* AddressBook.framework in Frameworks */,
				2983AFFBCD48471E8F93B2E3 /* AddressBookUI.framework in Frameworks */,
				8F33FB3EA9A542098BE2EE41 /* AudioToolbox.framework in Frameworks */,
			);
			runOnlyForDeploymentPostprocessing = 0;
		};
/* End PBXFrameworksBuildPhase section */

/* Begin PBXGroup section */
		080E96DDFE201D6D7F000001 /* Classes */ = {
			isa = PBXGroup;
			children = (
				302D95EE14D2391D003F00A1 /* MainViewController.h */,
				302D95EF14D2391D003F00A1 /* MainViewController.m */,
				302D95F014D2391D003F00A1 /* MainViewController.xib */,
				1D3623240D0F684500981E51 /* AppDelegate.h */,
				1D3623250D0F684500981E51 /* AppDelegate.m */,
			);
			name = Classes;
			path = "La Voz de Dios/Classes";
			sourceTree = SOURCE_ROOT;
		};
		19C28FACFE9D520D11CA2CBB /* Products */ = {
			isa = PBXGroup;
			children = (
				1D6058910D05DD3D006BFB54 /* La Voz de Dios.app */,
			);
			name = Products;
			sourceTree = "<group>";
		};
		29B97314FDCFA39411CA2CEA /* CustomTemplate */ = {
			isa = PBXGroup;
			children = (
				C7292FEA1DF66814007FEE25 /* La Voz de Dios.entitlements */,
				EB87FDF41871DAF40020F90C /* config.xml */,
				EB87FDF31871DA8E0020F90C /* www */,
				EB87FDF21871DA7A0020F90C /* merges */,
				EB87FDF11871DA420020F90C /* Staging */,
				301BF52D109A57CC0062928A /* CordovaLib.xcodeproj */,
				080E96DDFE201D6D7F000001 /* Classes */,
				307C750510C5A3420062BCA9 /* Plugins */,
				29B97315FDCFA39411CA2CEA /* Other Sources */,
				29B97317FDCFA39411CA2CEA /* Resources */,
				29B97323FDCFA39411CA2CEA /* Frameworks */,
				19C28FACFE9D520D11CA2CBB /* Products */,
			);
			name = CustomTemplate;
			sourceTree = "<group>";
		};
		29B97315FDCFA39411CA2CEA /* Other Sources */ = {
			isa = PBXGroup;
			children = (
				32CA4F630368D1EE00C91783 /* La Voz de Dios-Prefix.pch */,
				29B97316FDCFA39411CA2CEA /* main.m */,
			);
			name = "Other Sources";
			path = "La Voz de Dios";
			sourceTree = "<group>";
		};
		29B97317FDCFA39411CA2CEA /* Resources */ = {
			isa = PBXGroup;
			children = (
				308D052D1370CCF300D202BF /* icons */,
				308D05311370CCF300D202BF /* splash */,
				8D1107310486CEB800E47090 /* La Voz de Dios-Info.plist */,
				83A4C90310D34863B729DED9 /* FacebookSDKResources.bundle */,
				CEEA940DFC43440784C9AE20 /* FBUserSettingsViewResources.bundle */,
				7F8A08F227664C8A984EBFF8 /* CDVNotification.bundle */,
				482EDB6664B7422F9322AC53 /* CDVCapture.bundle */,
			);
			name = Resources;
			path = "La Voz de Dios/Resources";
			sourceTree = "<group>";
		};
		29B97323FDCFA39411CA2CEA /* Frameworks */ = {
			isa = PBXGroup;
			children = (
				C7AB35E11D87C6BF005F099D /* FBSDKCoreKit.framework */,
				C7AB35DF1D87C69F005F099D /* FacebookSDK.framework */,
				C7AB35D81D87C0A2005F099D /* UIKit.framework */,
				C7AB35D61D87C098005F099D /* JavaScriptCore.framework */,
				5B1594DC16A7569C00FEF299 /* AssetsLibrary.framework */,
				288765FC0DF74451002DB57D /* CoreGraphics.framework */,
				305D5FD0115AB8F900A74A75 /* MobileCoreServices.framework */,
				FC7F3153C77F4263B58EFE38 /* MessageUI.framework */,
				D0DF10775A8F4BA19AD32245 /* libFlurry.a */,
				2DB2D6B75EEF45748EFECA15 /* SystemConfiguration.framework */,
				B63C4ED361C64589A5E3030D /* CFNetwork.framework */,
				31393813CA254CF6998D6B34 /* Security.framework */,
				20F96FDDDFDA49E4AF32E437 /* libsqlite3.dylib */,
				167B6D9A2D404BEAB1DF6CAC /* Social.framework */,
				C7E2592311F145DAA649AFC1 /* Accounts.framework */,
				AFCD791537CE4367A2C18D71 /* AdSupport.framework */,
				5E495325E9F84CACA4B61368 /* ImageIO.framework */,
				7C01FECAC6124301AACD458B /* CoreLocation.framework */,
				66E49DCBD6894071A08CDD5B /* AddressBook.framework */,
				F48B975E0C8641509BC41449 /* AddressBookUI.framework */,
				4FA10A772B514351B667A1A4 /* AudioToolbox.framework */,
			);
			name = Frameworks;
			sourceTree = "<group>";
		};
		301BF52E109A57CC0062928A /* Products */ = {
			isa = PBXGroup;
			children = (
				301BF535109A57CC0062928A /* libCordova.a */,
			);
			name = Products;
			sourceTree = "<group>";
		};
		307C750510C5A3420062BCA9 /* Plugins */ = {
			isa = PBXGroup;
			children = (
				629DA066C0F44EE58D10BEF7 /* Sms.m */,
				8B80E36579984FBEBB867B29 /* Sms.h */,
				82BFAA3061BF47EF875B5747 /* FlurryPlugin.m */,
				75E418D993FB4568842E2DB9 /* Flurry.h */,
				9FFDFBFE15284808AB9B519C /* FlurryPlugin.h */,
				C626AA763C8845B9BF7D38AF /* AppDelegate+notification.m */,
				9535A09889244DBEA60EAB65 /* PushPlugin.m */,
				607939EB815E45DE84CB022A /* AppDelegate+notification.h */,
				D5E6EDEB71654771AA53B264 /* PushPlugin.h */,
				4D7473BA686B48DAA1EC0DDC /* FacebookConnectPlugin.m */,
				7DFE1B09F673433CA0279701 /* FacebookConnectPlugin.h */,
				30A54D1DCAE2424E961183DD /* FBAccessTokenData.h */,
				BCF4B8DC31914E0F8099B3E2 /* FBAppCall.h */,
				1EA7A40A72F04F0B95BE38CB /* FBAppLinkData.h */,
				F35B62FBC4044A0D8584BBFF /* FBCacheDescriptor.h */,
				0569126FD84F4B8D94DC0909 /* FBDialogs.h */,
				903803C1A6A142B3AE35A34A /* FBDialogsData.h */,
				C20ACC9C155C45B093F9C3DD /* FBDialogsParams.h */,
				006DE576AE2445B4BD84CF61 /* FBError.h */,
				C2B982B64BBE4D69B20E4324 /* FBErrorUtility.h */,
				B8FAA40E93AB451C95203CBB /* FBFrictionlessRecipientCache.h */,
				866CD6E2DBBA40E4B40D54F7 /* FBFriendPickerViewController.h */,
				F2596A7B1BD14E028D6A46E2 /* FBGraphLocation.h */,
				F4A3760B26E04BD88ABE7146 /* FBGraphObject.h */,
				42DE422057884C84898C0EE1 /* FBGraphPlace.h */,
				30BE9B9E5F1F4185AE49D7BA /* FBGraphUser.h */,
				C9BF8CA072DD475DA102833C /* FBInsights.h */,
				2E0039EAEB004D8BAA8D3B16 /* FBLoginView.h */,
				6AFD8EAA626F4023B4BF168E /* FBNativeDialogs.h */,
				A229F71E893347B692F7155E /* FBOpenGraphAction.h */,
				A6BD760F81B247778A573248 /* FBOpenGraphActionShareDialogParams.h */,
				9CD55FFCF24C4A45B0A94138 /* FBOpenGraphObject.h */,
				835DBD9C3D354CD9B964DB7E /* FBPlacePickerViewController.h */,
				BFEA2B3EA05B446EB86D2D3C /* FBProfilePictureView.h */,
				9CC985CFD226488F9832E04D /* FBRequest.h */,
				9FFC51F1D7EA4100AC32D64E /* FBRequestConnection.h */,
				688E4AAB48A94257BC3FE434 /* FBSession.h */,
				49DF2BDA7B544E7191A9F202 /* FBSessionTokenCachingStrategy.h */,
				59F8CF2D16D4404B8922477D /* FBSettings.h */,
				00067F93F01B46BD852E6C8E /* FBShareDialogParams.h */,
				58F5386318854A33B048FBA8 /* FBTestSession.h */,
				C65E29E803E54FB8BA2925C5 /* FBUserSettingsViewController.h */,
				3C98371DC8CA4E8695358268 /* FBViewController.h */,
				0DEBB196F7874FF2A8CE5B0C /* FBWebDialogs.h */,
				69152B86D93B4F018BD5438B /* FacebookSDK.h */,
				A46B19C0948E4FA3B599F529 /* NSError+FBError.h */,
				5273415B675D4315B6E06F7E /* SocialSharing.m */,
				182C02C25EFE4440BF6D8B35 /* SocialSharing.h */,
				53EBD6F1BEB047DAB8BABD49 /* UIImage+CropScaleOrientation.m */,
				FD0DCC3A46244B96BB03E662 /* CDVCamera.m */,
				2BF96338DAAD434B8F5CE047 /* CDVJpegHeaderWriter.m */,
				0FF1103AE1D14D85840FE8FB /* UIImage+CropScaleOrientation.h */,
				A5D18EE99F674D45BAA4D332 /* CDVCamera.h */,
				8AA4EEA259374A21A30D7080 /* CDVJpegHeaderWriter.h */,
				A6FB398BBDB84402B324F1CB /* CDVExif.h */,
				24D69FB8C10848B09A9A994C /* CDVLogger.m */,
				D393BF0E5EDA45CDA8110D38 /* CDVLogger.h */,
				C244EB16C9F54FC5A46C5019 /* CDVContacts.m */,
				AC176C030CBE45E1B0AB6321 /* CDVContact.m */,
				AB5E986EF68647BEAC115699 /* CDVContacts.h */,
				B4D0CB067950475B931A0BB0 /* CDVContact.h */,
				E5FF077D77E4435AAD4FA1AD /* CDVDevice.m */,
				32454DD41FC04D07AABEC6A4 /* CDVDevice.h */,
				1D803B3D16DF4EF8B2D4CF36 /* CDVNotification.m */,
				24756704BCB64EF79FF006D8 /* CDVNotification.h */,
				4AB1D718AAB4425686FED941 /* CDVFile.m */,
				EC25C4B049004267924C49B8 /* CDVLocalFilesystem.m */,
				6566667EC4FA4619A741E11B /* CDVAssetLibraryFilesystem.m */,
				805CBBE0A73846BC9F70A3A8 /* CDVFile.h */,
				E005D9709B7740AE802E5998 /* CDVLocalFilesystem.h */,
				FE7326247FA94FB4968273F6 /* CDVAssetLibraryFilesystem.h */,
				8C8E090D069B4536B0E2F8AD /* CDVFileTransfer.m */,
				FC8694CE12D14196B0B6CB7B /* CDVFileTransfer.h */,
				BDCFF16002DC49078B29AE0A /* CDVLocation.m */,
				9B325076F5B447D09BE75A55 /* CDVLocation.h */,
				76EFFE0577BA45188F9AC989 /* CDVGlobalization.m */,
				FCAE227DF89D4848A2BC2604 /* CDVGlobalization.h */,
				E5E6CB0564EC47DFA6B1A22E /* CDVInAppBrowser.m */,
				2598F0C484674697B730E8DF /* CDVInAppBrowser.h */,
				7A46FCA384B54DD48FE8809C /* CDVSound.m */,
				CF57774E92BA402BA3A365F8 /* CDVSound.h */,
				BA43AB143C904AC9BA45658A /* CDVCapture.m */,
				9EB9378190C5497998AB4246 /* CDVCapture.h */,
				EC81F7C088264F8AB5E6C2ED /* CDVConnection.m */,
				2D849F0059F446DD978FC28B /* CDVReachability.m */,
				33B768BD158F438890F3E3FB /* CDVConnection.h */,
				058A806E89E44CE9B08CF41C /* CDVReachability.h */,
				3EE1D66BE27A4A6DBA3AF951 /* CDVSplashScreen.m */,
				6DEBC8F776CE48F0901AB7A7 /* CDVSplashScreen.h */,
				E859BFB1C6C3424696F5164D /* CDVVibration.m */,
				4AA48236CF754CC2B6210854 /* CDVVibration.h */,
			);
			name = Plugins;
			path = "La Voz de Dios/Plugins";
			sourceTree = SOURCE_ROOT;
		};
		308D052D1370CCF300D202BF /* icons */ = {
			isa = PBXGroup;
			children = (
				C7AB35E31D87C7AF005F099D /* icon-40.png */,
				C7AB35E41D87C7AF005F099D /* icon-40@2x.png */,
				C7AB35E51D87C7AF005F099D /* icon-50.png */,
				C7AB35E61D87C7AF005F099D /* icon-50@2x.png */,
				C7AB35E71D87C7AF005F099D /* icon-60.png */,
				C7AB35E81D87C7AF005F099D /* icon-60@2x.png */,
				C7AB35E91D87C7AF005F099D /* icon-60@3x.png */,
				C7AB35EA1D87C7AF005F099D /* icon-72.png */,
				C7AB35EB1D87C7AF005F099D /* icon-72@2x.png */,
				C7AB35EC1D87C7AF005F099D /* icon-76.png */,
				C7AB35ED1D87C7AF005F099D /* icon-76@2x.png */,
				C7AB35EE1D87C7AF005F099D /* icon-small.png */,
				C7AB35EF1D87C7AF005F099D /* icon-small@2x.png */,
				C7AB35F01D87C7AF005F099D /* icon.png */,
				C7AB35F11D87C7AF005F099D /* icon@2x.png */,
			);
			path = icons;
			sourceTree = "<group>";
		};
		308D05311370CCF300D202BF /* splash */ = {
			isa = PBXGroup;
			children = (
				C7AB36011D87C7C0005F099D /* Default-568h@2x~iphone.png */,
				C7AB36021D87C7C0005F099D /* Default-667h.png */,
				C7AB36031D87C7C0005F099D /* Default-736h.png */,
				C7AB36041D87C7C0005F099D /* Default-Landscape-736h.png */,
				C7AB36051D87C7C0005F099D /* Default-Landscape@2x~ipad.png */,
				C7AB36061D87C7C0005F099D /* Default-Landscape~ipad.png */,
				C7AB36071D87C7C0005F099D /* Default-Portrait@2x~ipad.png */,
				C7AB36081D87C7C0005F099D /* Default-Portrait~ipad.png */,
				C7AB36091D87C7C0005F099D /* Default@2x~iphone.png */,
				C7AB360A1D87C7C0005F099D /* Default~iphone.png */,
			);
			path = splash;
			sourceTree = "<group>";
		};
		EB87FDF11871DA420020F90C /* Staging */ = {
			isa = PBXGroup;
			children = (
				F840E1F0165FE0F500CFE078 /* config.xml */,
				301BF56E109A69640062928A /* www */,
			);
			name = Staging;
			sourceTree = "<group>";
		};
/* End PBXGroup section */

/* Begin PBXNativeTarget section */
		1D6058900D05DD3D006BFB54 /* La Voz de Dios */ = {
			isa = PBXNativeTarget;
			buildConfigurationList = 1D6058960D05DD3E006BFB54 /* Build configuration list for PBXNativeTarget "La Voz de Dios" */;
			buildPhases = (
				304B58A110DAC018002A0835 /* Copy www directory */,
				1D60588D0D05DD3D006BFB54 /* Resources */,
				1D60588E0D05DD3D006BFB54 /* Sources */,
				1D60588F0D05DD3D006BFB54 /* Frameworks */,
			);
			buildRules = (
			);
			dependencies = (
				301BF551109A68C00062928A /* PBXTargetDependency */,
			);
			name = "La Voz de Dios";
			productName = "La Voz de Dios";
			productReference = 1D6058910D05DD3D006BFB54 /* La Voz de Dios.app */;
			productType = "com.apple.product-type.application";
		};
/* End PBXNativeTarget section */

/* Begin PBXProject section */
		29B97313FDCFA39411CA2CEA /* Project object */ = {
			isa = PBXProject;
			attributes = {
				LastUpgradeCheck = 510;
				TargetAttributes = {
					1D6058900D05DD3D006BFB54 = {
						DevelopmentTeam = 9WPLVG85BQ;
						ProvisioningStyle = Automatic;
						SystemCapabilities = {
							com.apple.Push = {
								enabled = 1;
							};
						};
					};
				};
			};
			buildConfigurationList = C01FCF4E08A954540054247B /* Build configuration list for PBXProject "La Voz de Dios" */;
			compatibilityVersion = "Xcode 3.2";
			developmentRegion = English;
			hasScannedForEncodings = 1;
			knownRegions = (
				English,
				Japanese,
				French,
				German,
				en,
				es,
				de,
				se,
			);
			mainGroup = 29B97314FDCFA39411CA2CEA /* CustomTemplate */;
			projectDirPath = "";
			projectReferences = (
				{
					ProductGroup = 301BF52E109A57CC0062928A /* Products */;
					ProjectRef = 301BF52D109A57CC0062928A /* CordovaLib.xcodeproj */;
				},
			);
			projectRoot = "";
			targets = (
				1D6058900D05DD3D006BFB54 /* La Voz de Dios */,
			);
		};
/* End PBXProject section */

/* Begin PBXReferenceProxy section */
		301BF535109A57CC0062928A /* libCordova.a */ = {
			isa = PBXReferenceProxy;
			fileType = archive.ar;
			path = libCordova.a;
			remoteRef = 301BF534109A57CC0062928A /* PBXContainerItemProxy */;
			sourceTree = BUILT_PRODUCTS_DIR;
		};
/* End PBXReferenceProxy section */

/* Begin PBXResourcesBuildPhase section */
		1D60588D0D05DD3D006BFB54 /* Resources */ = {
			isa = PBXResourcesBuildPhase;
			buildActionMask = 2147483647;
			files = (
				302D95F214D2391D003F00A1 /* MainViewController.xib in Resources */,
				C7AB35F71D87C7AF005F099D /* icon-60@2x.png in Resources */,
				C7AB35F41D87C7AF005F099D /* icon-50.png in Resources */,
				C7AB36121D87C7C0005F099D /* Default-Portrait~ipad.png in Resources */,
				22C2B1848B8B41499F1B4F1F /* FacebookSDKResources.bundle in Resources */,
				C7AB360B1D87C7C0005F099D /* Default-568h@2x~iphone.png in Resources */,
				C7AB35F81D87C7AF005F099D /* icon-60@3x.png in Resources */,
				C7AB35F21D87C7AF005F099D /* icon-40.png in Resources */,
				C7AB35F61D87C7AF005F099D /* icon-60.png in Resources */,
				C7AB36131D87C7C0005F099D /* Default@2x~iphone.png in Resources */,
				C7AB35F91D87C7AF005F099D /* icon-72.png in Resources */,
				C7AB35FA1D87C7AF005F099D /* icon-72@2x.png in Resources */,
				C7AB36001D87C7AF005F099D /* icon@2x.png in Resources */,
				C7AB35F51D87C7AF005F099D /* icon-50@2x.png in Resources */,
				C7AB35FD1D87C7AF005F099D /* icon-small.png in Resources */,
				A7216F872A4D4028BADBF8C9 /* FBUserSettingsViewResources.bundle in Resources */,
				C7AB360D1D87C7C0005F099D /* Default-736h.png in Resources */,
				C7AB35FF1D87C7AF005F099D /* icon.png in Resources */,
				C7AB35FB1D87C7AF005F099D /* icon-76.png in Resources */,
				65343E7C4D814BE4B75E6310 /* CDVNotification.bundle in Resources */,
				C7AB36101D87C7C0005F099D /* Default-Landscape~ipad.png in Resources */,
				C7AB35F31D87C7AF005F099D /* icon-40@2x.png in Resources */,
				C7AB360C1D87C7C0005F099D /* Default-667h.png in Resources */,
				C7AB36141D87C7C0005F099D /* Default~iphone.png in Resources */,
				C7AB36111D87C7C0005F099D /* Default-Portrait@2x~ipad.png in Resources */,
				C7AB360F1D87C7C0005F099D /* Default-Landscape@2x~ipad.png in Resources */,
				C7AB35FE1D87C7AF005F099D /* icon-small@2x.png in Resources */,
				C7AB35FC1D87C7AF005F099D /* icon-76@2x.png in Resources */,
				D11EFAC655C342D88BA47617 /* CDVCapture.bundle in Resources */,
				C7AB360E1D87C7C0005F099D /* Default-Landscape-736h.png in Resources */,
			);
			runOnlyForDeploymentPostprocessing = 0;
		};
/* End PBXResourcesBuildPhase section */

/* Begin PBXShellScriptBuildPhase section */
		304B58A110DAC018002A0835 /* Copy www directory */ = {
			isa = PBXShellScriptBuildPhase;
			buildActionMask = 2147483647;
			files = (
			);
			inputPaths = (
			);
			name = "Copy www directory";
			outputPaths = (
			);
			runOnlyForDeploymentPostprocessing = 0;
			shellPath = /bin/sh;
			shellScript = "NODEJS_PATH=/usr/local/bin; NVM_NODE_PATH=~/.nvm/versions/node/`nvm version 2>/dev/null`/bin; N_NODE_PATH=`find /usr/local/n/versions/node/* -maxdepth 0 -type d 2>/dev/null | tail -1`/bin; XCODE_NODE_PATH=`xcode-select --print-path`/usr/share/xcs/Node/bin; PATH=$NODEJS_PATH:$NVM_NODE_PATH:$N_NODE_PATH:$XCODE_NODE_PATH:$PATH && node cordova/lib/copy-www-build-step.js";
			showEnvVarsInLog = 0;
		};
/* End PBXShellScriptBuildPhase section */

/* Begin PBXSourcesBuildPhase section */
		1D60588E0D05DD3D006BFB54 /* Sources */ = {
			isa = PBXSourcesBuildPhase;
			buildActionMask = 2147483647;
			files = (
				1D60589B0D05DD56006BFB54 /* main.m in Sources */,
				1D3623260D0F684500981E51 /* AppDelegate.m in Sources */,
				302D95F114D2391D003F00A1 /* MainViewController.m in Sources */,
				A8BCB68E4FCA41259B4B7B9B /* Sms.m in Sources */,
				A0CCEBC721A24FBA8E1D2DE6 /* FlurryPlugin.m in Sources */,
				DC29B5CB216042D9A548950A /* AppDelegate+notification.m in Sources */,
				20BB0C20A53D411ABCAFDDD1 /* PushPlugin.m in Sources */,
				B23569167A0A435CBB6E7A01 /* FacebookConnectPlugin.m in Sources */,
				8C1A77A397A74B6CA08914D5 /* SocialSharing.m in Sources */,
				109460D45FB6458DBCA1AFF9 /* UIImage+CropScaleOrientation.m in Sources */,
				7608C57D0FB14C278F93E911 /* CDVCamera.m in Sources */,
				714008B27EDF4ABC9A40AAA0 /* CDVJpegHeaderWriter.m in Sources */,
				B16E85B59F3B4BAEA44DA99C /* CDVLogger.m in Sources */,
				DC46ECFBA47A4A1685676AFC /* CDVContacts.m in Sources */,
				D72B2CFDA4B845F59F2F4CCC /* CDVContact.m in Sources */,
				B8EB207A45C948108756D22D /* CDVDevice.m in Sources */,
				58DAC2DB843440D9ADFBCB11 /* CDVNotification.m in Sources */,
				3BCC5AB290E240DCB502ECC4 /* CDVFile.m in Sources */,
				D327525C1AE64DA9833ED8C6 /* CDVLocalFilesystem.m in Sources */,
				B80F2819C77B48628594AA84 /* CDVAssetLibraryFilesystem.m in Sources */,
				8B150BC4230143278A9B390B /* CDVFileTransfer.m in Sources */,
				BE695DC11C1948EA9C5FFE04 /* CDVLocation.m in Sources */,
				9CCB6AC63C314E32BAF2FECE /* CDVGlobalization.m in Sources */,
				77AFC5E45BAD4552B805CE57 /* CDVInAppBrowser.m in Sources */,
				21549AE65DC74BD1A2486A1C /* CDVSound.m in Sources */,
				E484196B6496454F912AD12C /* CDVCapture.m in Sources */,
				0DCF3EE967E04079B01F9D01 /* CDVConnection.m in Sources */,
				25D8785060BE4B3C802A47C8 /* CDVReachability.m in Sources */,
				CE90981D8E9341DBBB771C6D /* CDVSplashScreen.m in Sources */,
				33CD5F962C4240CC97897B52 /* CDVVibration.m in Sources */,
			);
			runOnlyForDeploymentPostprocessing = 0;
		};
/* End PBXSourcesBuildPhase section */

/* Begin PBXTargetDependency section */
		301BF551109A68C00062928A /* PBXTargetDependency */ = {
			isa = PBXTargetDependency;
			name = CordovaLib;
			targetProxy = 301BF550109A68C00062928A /* PBXContainerItemProxy */;
		};
/* End PBXTargetDependency section */

/* Begin XCBuildConfiguration section */
		1D6058940D05DD3E006BFB54 /* Debug */ = {
			isa = XCBuildConfiguration;
			buildSettings = {
				ALWAYS_SEARCH_USER_PATHS = NO;
				CLANG_ENABLE_OBJC_ARC = YES;
				CODE_SIGN_ENTITLEMENTS = "La Voz de Dios/La Voz de Dios.entitlements";
				CODE_SIGN_IDENTITY = "iPhone Developer";
				"CODE_SIGN_IDENTITY[sdk=iphoneos*]" = "iPhone Developer";
				COPY_PHASE_STRIP = NO;
				DEVELOPMENT_TEAM = 9WPLVG85BQ;
				FRAMEWORK_SEARCH_PATHS = (
					"$(inherited)",
					"$(PROJECT_DIR)/**",
				);
				GCC_DYNAMIC_NO_PIC = NO;
				GCC_OPTIMIZATION_LEVEL = 0;
				GCC_PRECOMPILE_PREFIX_HEADER = YES;
				GCC_PREFIX_HEADER = "La Voz de Dios/La Voz de Dios-Prefix.pch";
				GCC_THUMB_SUPPORT = NO;
				GCC_VERSION = "";
				INFOPLIST_FILE = "La Voz de Dios/La Voz de Dios-Info.plist";
				IPHONEOS_DEPLOYMENT_TARGET = 8.0;
				LIBRARY_SEARCH_PATHS = (
					"$(inherited)",
					"\"$(SRCROOT)/La Voz de Dios/Plugins/com.phonegap.plugins.Flurry\"",
					"\"$(SRCROOT)/La Voz de Dios/Plugins/com.phonegap.plugins.facebookconnect\"",
				);
				OTHER_LDFLAGS = (
					"-weak_framework",
					CoreFoundation,
					"-weak_framework",
					UIKit,
					"-weak_framework",
					AVFoundation,
					"-weak_framework",
					CoreMedia,
					"-weak-lSystem",
					"-ObjC",
				);
				PRODUCT_BUNDLE_IDENTIFIER = com.celumanix.vozdedios;
				PRODUCT_NAME = "La Voz de Dios";
				TARGETED_DEVICE_FAMILY = 1;
			};
			name = Debug;
		};
		1D6058950D05DD3E006BFB54 /* Release */ = {
			isa = XCBuildConfiguration;
			buildSettings = {
				ALWAYS_SEARCH_USER_PATHS = NO;
				CLANG_ENABLE_OBJC_ARC = YES;
				CODE_SIGN_ENTITLEMENTS = "La Voz de Dios/La Voz de Dios.entitlements";
				CODE_SIGN_IDENTITY = "iPhone Developer";
				"CODE_SIGN_IDENTITY[sdk=iphoneos*]" = "iPhone Developer";
				COPY_PHASE_STRIP = YES;
				DEVELOPMENT_TEAM = 9WPLVG85BQ;
				FRAMEWORK_SEARCH_PATHS = (
					"$(inherited)",
					"$(PROJECT_DIR)/**",
				);
				GCC_PRECOMPILE_PREFIX_HEADER = YES;
				GCC_PREFIX_HEADER = "La Voz de Dios/La Voz de Dios-Prefix.pch";
				GCC_THUMB_SUPPORT = NO;
				GCC_VERSION = "";
				INFOPLIST_FILE = "La Voz de Dios/La Voz de Dios-Info.plist";
				IPHONEOS_DEPLOYMENT_TARGET = 8.0;
				LIBRARY_SEARCH_PATHS = (
					"$(inherited)",
					"\"$(SRCROOT)/La Voz de Dios/Plugins/com.phonegap.plugins.Flurry\"",
					"\"$(SRCROOT)/La Voz de Dios/Plugins/com.phonegap.plugins.facebookconnect\"",
				);
				OTHER_LDFLAGS = (
					"-weak_framework",
					CoreFoundation,
					"-weak_framework",
					UIKit,
					"-weak_framework",
					AVFoundation,
					"-weak_framework",
					CoreMedia,
					"-weak-lSystem",
					"-ObjC",
				);
				PRODUCT_BUNDLE_IDENTIFIER = com.celumanix.vozdedios;
				PRODUCT_NAME = "La Voz de Dios";
				TARGETED_DEVICE_FAMILY = 1;
			};
			name = Release;
		};
		C01FCF4F08A954540054247B /* Debug */ = {
			isa = XCBuildConfiguration;
			buildSettings = {
				CLANG_ENABLE_OBJC_ARC = YES;
				CLANG_WARN_BOOL_CONVERSION = YES;
				CLANG_WARN_CONSTANT_CONVERSION = YES;
				CLANG_WARN_EMPTY_BODY = YES;
				CLANG_WARN_ENUM_CONVERSION = YES;
				CLANG_WARN_INT_CONVERSION = YES;
				CLANG_WARN__DUPLICATE_METHOD_MATCH = YES;
				"CODE_SIGN_IDENTITY[sdk=iphoneos*]" = "iPhone Developer";
				ENABLE_BITCODE = NO;
				GCC_C_LANGUAGE_STANDARD = c99;
				GCC_THUMB_SUPPORT = NO;
				GCC_VERSION = "";
				GCC_WARN_ABOUT_RETURN_TYPE = YES;
				GCC_WARN_UNDECLARED_SELECTOR = YES;
				GCC_WARN_UNINITIALIZED_AUTOS = YES;
				GCC_WARN_UNUSED_FUNCTION = YES;
				GCC_WARN_UNUSED_VARIABLE = YES;
				HEADER_SEARCH_PATHS = (
					"\"$(TARGET_BUILD_DIR)/usr/local/lib/include\"",
					"\"$(OBJROOT)/UninstalledProducts/include\"",
					"\"$(BUILT_PRODUCTS_DIR)\"",
				);
				IPHONEOS_DEPLOYMENT_TARGET = 6.0;
				ONLY_ACTIVE_ARCH = YES;
				OTHER_LDFLAGS = (
					"-weak_framework",
					CoreFoundation,
					"-weak_framework",
					UIKit,
					"-weak_framework",
					AVFoundation,
					"-weak_framework",
					CoreMedia,
					"-weak-lSystem",
					"-ObjC",
				);
				SDKROOT = iphoneos;
				SKIP_INSTALL = NO;
				USER_HEADER_SEARCH_PATHS = "";
			};
			name = Debug;
		};
		C01FCF5008A954540054247B /* Release */ = {
			isa = XCBuildConfiguration;
			buildSettings = {
				CLANG_ENABLE_OBJC_ARC = YES;
				CLANG_WARN_BOOL_CONVERSION = YES;
				CLANG_WARN_CONSTANT_CONVERSION = YES;
				CLANG_WARN_EMPTY_BODY = YES;
				CLANG_WARN_ENUM_CONVERSION = YES;
				CLANG_WARN_INT_CONVERSION = YES;
				CLANG_WARN__DUPLICATE_METHOD_MATCH = YES;
				"CODE_SIGN_IDENTITY[sdk=iphoneos*]" = "iPhone Developer";
				ENABLE_BITCODE = NO;
				GCC_C_LANGUAGE_STANDARD = c99;
				GCC_THUMB_SUPPORT = NO;
				GCC_VERSION = "";
				GCC_WARN_ABOUT_RETURN_TYPE = YES;
				GCC_WARN_UNDECLARED_SELECTOR = YES;
				GCC_WARN_UNINITIALIZED_AUTOS = YES;
				GCC_WARN_UNUSED_FUNCTION = YES;
				GCC_WARN_UNUSED_VARIABLE = YES;
				HEADER_SEARCH_PATHS = (
					"\"$(TARGET_BUILD_DIR)/usr/local/lib/include\"",
					"\"$(OBJROOT)/UninstalledProducts/include\"",
					"\"$(BUILT_PRODUCTS_DIR)\"",
					"\"$(OBJROOT)/UninstalledProducts/$(PLATFORM_NAME)/include\"",
				);
				IPHONEOS_DEPLOYMENT_TARGET = 6.0;
				OTHER_LDFLAGS = (
					"-weak_framework",
					CoreFoundation,
					"-weak_framework",
					UIKit,
					"-weak_framework",
					AVFoundation,
					"-weak_framework",
					CoreMedia,
					"-weak-lSystem",
					"-ObjC",
				);
				SDKROOT = iphoneos;
				SKIP_INSTALL = NO;
				USER_HEADER_SEARCH_PATHS = "";
			};
			name = Release;
		};
/* End XCBuildConfiguration section */

/* Begin XCConfigurationList section */
		1D6058960D05DD3E006BFB54 /* Build configuration list for PBXNativeTarget "La Voz de Dios" */ = {
			isa = XCConfigurationList;
			buildConfigurations = (
				1D6058940D05DD3E006BFB54 /* Debug */,
				1D6058950D05DD3E006BFB54 /* Release */,
			);
			defaultConfigurationIsVisible = 0;
			defaultConfigurationName = Release;
		};
		C01FCF4E08A954540054247B /* Build configuration list for PBXProject "La Voz de Dios" */ = {
			isa = XCConfigurationList;
			buildConfigurations = (
				C01FCF4F08A954540054247B /* Debug */,
				C01FCF5008A954540054247B /* Release */,
			);
			defaultConfigurationIsVisible = 0;
			defaultConfigurationName = Release;
		};
/* End XCConfigurationList section */
	};
	rootObject = 29B97313FDCFA39411CA2CEA /* Project object */;
}
